// !$*UTF8*$!
{
	archiveVersion = 1;
	classes = {
	};
	objectVersion = 46;
	objects = {

/* Begin PBXBuildFile section */
		253F915E190D7CE100F7FC93 /* Foundation.framework in Frameworks */ = {isa = PBXBuildFile; fileRef = 253F915D190D7CE100F7FC93 /* Foundation.framework */; };
		253F9160190D7CE100F7FC93 /* CoreGraphics.framework in Frameworks */ = {isa = PBXBuildFile; fileRef = 253F915F190D7CE100F7FC93 /* CoreGraphics.framework */; };
		253F9162190D7CE100F7FC93 /* UIKit.framework in Frameworks */ = {isa = PBXBuildFile; fileRef = 253F9161190D7CE100F7FC93 /* UIKit.framework */; };
		253F9168190D7CE100F7FC93 /* InfoPlist.strings in Resources */ = {isa = PBXBuildFile; fileRef = 253F9166190D7CE100F7FC93 /* InfoPlist.strings */; };
		253F916A190D7CE100F7FC93 /* main.m in Sources */ = {isa = PBXBuildFile; fileRef = 253F9169190D7CE100F7FC93 /* main.m */; };
		253F916E190D7CE100F7FC93 /* ABAppDelegate.m in Sources */ = {isa = PBXBuildFile; fileRef = 253F916D190D7CE100F7FC93 /* ABAppDelegate.m */; };
		253F9171190D7CE100F7FC93 /* Main.storyboard in Resources */ = {isa = PBXBuildFile; fileRef = 253F916F190D7CE100F7FC93 /* Main.storyboard */; };
		253F9176190D7CE100F7FC93 /* Images.xcassets in Resources */ = {isa = PBXBuildFile; fileRef = 253F9175190D7CE100F7FC93 /* Images.xcassets */; };
		253F917D190D7CE100F7FC93 /* XCTest.framework in Frameworks */ = {isa = PBXBuildFile; fileRef = 253F917C190D7CE100F7FC93 /* XCTest.framework */; };
		253F917E190D7CE100F7FC93 /* Foundation.framework in Frameworks */ = {isa = PBXBuildFile; fileRef = 253F915D190D7CE100F7FC93 /* Foundation.framework */; };
		253F917F190D7CE100F7FC93 /* UIKit.framework in Frameworks */ = {isa = PBXBuildFile; fileRef = 253F9161190D7CE100F7FC93 /* UIKit.framework */; };
		253F9187190D7CE100F7FC93 /* InfoPlist.strings in Resources */ = {isa = PBXBuildFile; fileRef = 253F9185190D7CE100F7FC93 /* InfoPlist.strings */; };
		253F9189190D7CE100F7FC93 /* ABIntentionsDemoTests.m in Sources */ = {isa = PBXBuildFile; fileRef = 253F9188190D7CE100F7FC93 /* ABIntentionsDemoTests.m */; };
		2588945A1912F32300558AD1 /* geo_none@2x.png in Resources */ = {isa = PBXBuildFile; fileRef = 258894571912F32300558AD1 /* geo_none@2x.png */; };
		2588945B1912F32300558AD1 /* geo_follow@2x.png in Resources */ = {isa = PBXBuildFile; fileRef = 258894581912F32300558AD1 /* geo_follow@2x.png */; };
		2588945C1912F32300558AD1 /* geo_heading@2x.png in Resources */ = {isa = PBXBuildFile; fileRef = 258894591912F32300558AD1 /* geo_heading@2x.png */; };
		25C17FA81913E98E002C49AA /* ABTableViewController.m in Sources */ = {isa = PBXBuildFile; fileRef = 25C17FA71913E98E002C49AA /* ABTableViewController.m */; };
		25C17FF519181619002C49AA /* ABDelegateArrayIntention.m in Sources */ = {isa = PBXBuildFile; fileRef = 25C17FD819181619002C49AA /* ABDelegateArrayIntention.m */; };
		25C17FF619181619002C49AA /* ABBarButtonItemObserversChainIntention.m in Sources */ = {isa = PBXBuildFile; fileRef = 25C17FDB19181619002C49AA /* ABBarButtonItemObserversChainIntention.m */; };
		25C17FF719181619002C49AA /* ABBarButtonItemRadioSelectableIntention.m in Sources */ = {isa = PBXBuildFile; fileRef = 25C17FDD19181619002C49AA /* ABBarButtonItemRadioSelectableIntention.m */; };
		25C17FF819181619002C49AA /* ABButtonCycledChangeImagesIntention.m in Sources */ = {isa = PBXBuildFile; fileRef = 25C17FDF19181619002C49AA /* ABButtonCycledChangeImagesIntention.m */; };
		25C17FF919181619002C49AA /* ABMapViewActionsIntention.m in Sources */ = {isa = PBXBuildFile; fileRef = 25C17FE219181619002C49AA /* ABMapViewActionsIntention.m */; };
		25C17FFA19181619002C49AA /* ABSearchBarDelegateZoomInMapViewIntention.m in Sources */ = {isa = PBXBuildFile; fileRef = 25C17FE419181619002C49AA /* ABSearchBarDelegateZoomInMapViewIntention.m */; };
		25C17FFB19181619002C49AA /* ABTableViewDelegateDelayedSegueOnDidSelectRowIntention.m in Sources */ = {isa = PBXBuildFile; fileRef = 25C17FE719181619002C49AA /* ABTableViewDelegateDelayedSegueOnDidSelectRowIntention.m */; };
		25C17FFC19181619002C49AA /* ABTableViewDelegateHideRowsIntention.m in Sources */ = {isa = PBXBuildFile; fileRef = 25C17FE919181619002C49AA /* ABTableViewDelegateHideRowsIntention.m */; };
		25C17FFD19181619002C49AA /* ABTableViewDelegateRadioSelectableCellsIntention.m in Sources */ = {isa = PBXBuildFile; fileRef = 25C17FEB19181619002C49AA /* ABTableViewDelegateRadioSelectableCellsIntention.m */; };
		25C17FFE19181619002C49AA /* ABTextFieldResignOnShouldReturnIntention.m in Sources */ = {isa = PBXBuildFile; fileRef = 25C17FEE19181619002C49AA /* ABTextFieldResignOnShouldReturnIntention.m */; };
		25C17FFF19181619002C49AA /* ABViewsSinglePixelThicknessIntention.m in Sources */ = {isa = PBXBuildFile; fileRef = 25C17FF119181619002C49AA /* ABViewsSinglePixelThicknessIntention.m */; };
		25C1800019181619002C49AA /* ABWebViewDelegateLoadUrlIntention.m in Sources */ = {isa = PBXBuildFile; fileRef = 25C17FF419181619002C49AA /* ABWebViewDelegateLoadUrlIntention.m */; };
/* End PBXBuildFile section */

/* Begin PBXContainerItemProxy section */
		253F9180190D7CE100F7FC93 /* PBXContainerItemProxy */ = {
			isa = PBXContainerItemProxy;
			containerPortal = 253F9152190D7CE100F7FC93 /* Project object */;
			proxyType = 1;
			remoteGlobalIDString = 253F9159190D7CE100F7FC93;
			remoteInfo = ABIntentionsDemo;
		};
/* End PBXContainerItemProxy section */

/* Begin PBXFileReference section */
		253F915A190D7CE100F7FC93 /* ABIntentionsDemo.app */ = {isa = PBXFileReference; explicitFileType = wrapper.application; includeInIndex = 0; path = ABIntentionsDemo.app; sourceTree = BUILT_PRODUCTS_DIR; };
		253F915D190D7CE100F7FC93 /* Foundation.framework */ = {isa = PBXFileReference; lastKnownFileType = wrapper.framework; name = Foundation.framework; path = System/Library/Frameworks/Foundation.framework; sourceTree = SDKROOT; };
		253F915F190D7CE100F7FC93 /* CoreGraphics.framework */ = {isa = PBXFileReference; lastKnownFileType = wrapper.framework; name = CoreGraphics.framework; path = System/Library/Frameworks/CoreGraphics.framework; sourceTree = SDKROOT; };
		253F9161190D7CE100F7FC93 /* UIKit.framework */ = {isa = PBXFileReference; lastKnownFileType = wrapper.framework; name = UIKit.framework; path = System/Library/Frameworks/UIKit.framework; sourceTree = SDKROOT; };
		253F9165190D7CE100F7FC93 /* ABIntentionsDemo-Info.plist */ = {isa = PBXFileReference; lastKnownFileType = text.plist.xml; path = "ABIntentionsDemo-Info.plist"; sourceTree = "<group>"; };
		253F9167190D7CE100F7FC93 /* en */ = {isa = PBXFileReference; lastKnownFileType = text.plist.strings; name = en; path = en.lproj/InfoPlist.strings; sourceTree = "<group>"; };
		253F9169190D7CE100F7FC93 /* main.m */ = {isa = PBXFileReference; lastKnownFileType = sourcecode.c.objc; path = main.m; sourceTree = "<group>"; };
		253F916B190D7CE100F7FC93 /* ABIntentionsDemo-Prefix.pch */ = {isa = PBXFileReference; lastKnownFileType = sourcecode.c.h; path = "ABIntentionsDemo-Prefix.pch"; sourceTree = "<group>"; };
		253F916C190D7CE100F7FC93 /* ABAppDelegate.h */ = {isa = PBXFileReference; lastKnownFileType = sourcecode.c.h; path = ABAppDelegate.h; sourceTree = "<group>"; };
		253F916D190D7CE100F7FC93 /* ABAppDelegate.m */ = {isa = PBXFileReference; lastKnownFileType = sourcecode.c.objc; path = ABAppDelegate.m; sourceTree = "<group>"; };
		253F9170190D7CE100F7FC93 /* Base */ = {isa = PBXFileReference; lastKnownFileType = file.storyboard; name = Base; path = Base.lproj/Main.storyboard; sourceTree = "<group>"; };
		253F9175190D7CE100F7FC93 /* Images.xcassets */ = {isa = PBXFileReference; lastKnownFileType = folder.assetcatalog; path = Images.xcassets; sourceTree = "<group>"; };
		253F917B190D7CE100F7FC93 /* ABIntentionsDemoTests.xctest */ = {isa = PBXFileReference; explicitFileType = wrapper.cfbundle; includeInIndex = 0; path = ABIntentionsDemoTests.xctest; sourceTree = BUILT_PRODUCTS_DIR; };
		253F917C190D7CE100F7FC93 /* XCTest.framework */ = {isa = PBXFileReference; lastKnownFileType = wrapper.framework; name = XCTest.framework; path = Library/Frameworks/XCTest.framework; sourceTree = DEVELOPER_DIR; };
		253F9184190D7CE100F7FC93 /* ABIntentionsDemoTests-Info.plist */ = {isa = PBXFileReference; lastKnownFileType = text.plist.xml; path = "ABIntentionsDemoTests-Info.plist"; sourceTree = "<group>"; };
		253F9186190D7CE100F7FC93 /* en */ = {isa = PBXFileReference; lastKnownFileType = text.plist.strings; name = en; path = en.lproj/InfoPlist.strings; sourceTree = "<group>"; };
		253F9188190D7CE100F7FC93 /* ABIntentionsDemoTests.m */ = {isa = PBXFileReference; lastKnownFileType = sourcecode.c.objc; path = ABIntentionsDemoTests.m; sourceTree = "<group>"; };
		258894571912F32300558AD1 /* geo_none@2x.png */ = {isa = PBXFileReference; lastKnownFileType = image.png; name = "geo_none@2x.png"; path = "Images/geo_none@2x.png"; sourceTree = SOURCE_ROOT; };
		258894581912F32300558AD1 /* geo_follow@2x.png */ = {isa = PBXFileReference; lastKnownFileType = image.png; name = "geo_follow@2x.png"; path = "Images/geo_follow@2x.png"; sourceTree = SOURCE_ROOT; };
		258894591912F32300558AD1 /* geo_heading@2x.png */ = {isa = PBXFileReference; lastKnownFileType = image.png; name = "geo_heading@2x.png"; path = "Images/geo_heading@2x.png"; sourceTree = SOURCE_ROOT; };
		25C17FA61913E98E002C49AA /* ABTableViewController.h */ = {isa = PBXFileReference; fileEncoding = 4; lastKnownFileType = sourcecode.c.h; path = ABTableViewController.h; sourceTree = "<group>"; };
		25C17FA71913E98E002C49AA /* ABTableViewController.m */ = {isa = PBXFileReference; fileEncoding = 4; lastKnownFileType = sourcecode.c.objc; path = ABTableViewController.m; sourceTree = "<group>"; };
		25C17FD719181619002C49AA /* ABDelegateArrayIntention.h */ = {isa = PBXFileReference; fileEncoding = 4; lastKnownFileType = sourcecode.c.h; path = ABDelegateArrayIntention.h; sourceTree = "<group>"; };
		25C17FD819181619002C49AA /* ABDelegateArrayIntention.m */ = {isa = PBXFileReference; fileEncoding = 4; lastKnownFileType = sourcecode.c.objc; path = ABDelegateArrayIntention.m; sourceTree = "<group>"; };
		25C17FDA19181619002C49AA /* ABBarButtonItemObserversChainIntention.h */ = {isa = PBXFileReference; fileEncoding = 4; lastKnownFileType = sourcecode.c.h; path = ABBarButtonItemObserversChainIntention.h; sourceTree = "<group>"; };
		25C17FDB19181619002C49AA /* ABBarButtonItemObserversChainIntention.m */ = {isa = PBXFileReference; fileEncoding = 4; lastKnownFileType = sourcecode.c.objc; path = ABBarButtonItemObserversChainIntention.m; sourceTree = "<group>"; };
		25C17FDC19181619002C49AA /* ABBarButtonItemRadioSelectableIntention.h */ = {isa = PBXFileReference; fileEncoding = 4; lastKnownFileType = sourcecode.c.h; path = ABBarButtonItemRadioSelectableIntention.h; sourceTree = "<group>"; };
		25C17FDD19181619002C49AA /* ABBarButtonItemRadioSelectableIntention.m */ = {isa = PBXFileReference; fileEncoding = 4; lastKnownFileType = sourcecode.c.objc; path = ABBarButtonItemRadioSelectableIntention.m; sourceTree = "<group>"; };
		25C17FDE19181619002C49AA /* ABButtonCycledChangeImagesIntention.h */ = {isa = PBXFileReference; fileEncoding = 4; lastKnownFileType = sourcecode.c.h; path = ABButtonCycledChangeImagesIntention.h; sourceTree = "<group>"; };
		25C17FDF19181619002C49AA /* ABButtonCycledChangeImagesIntention.m */ = {isa = PBXFileReference; fileEncoding = 4; lastKnownFileType = sourcecode.c.objc; path = ABButtonCycledChangeImagesIntention.m; sourceTree = "<group>"; };
		25C17FE119181619002C49AA /* ABMapViewActionsIntention.h */ = {isa = PBXFileReference; fileEncoding = 4; lastKnownFileType = sourcecode.c.h; path = ABMapViewActionsIntention.h; sourceTree = "<group>"; };
		25C17FE219181619002C49AA /* ABMapViewActionsIntention.m */ = {isa = PBXFileReference; fileEncoding = 4; lastKnownFileType = sourcecode.c.objc; path = ABMapViewActionsIntention.m; sourceTree = "<group>"; };
		25C17FE319181619002C49AA /* ABSearchBarDelegateZoomInMapViewIntention.h */ = {isa = PBXFileReference; fileEncoding = 4; lastKnownFileType = sourcecode.c.h; path = ABSearchBarDelegateZoomInMapViewIntention.h; sourceTree = "<group>"; };
		25C17FE419181619002C49AA /* ABSearchBarDelegateZoomInMapViewIntention.m */ = {isa = PBXFileReference; fileEncoding = 4; lastKnownFileType = sourcecode.c.objc; path = ABSearchBarDelegateZoomInMapViewIntention.m; sourceTree = "<group>"; };
		25C17FE619181619002C49AA /* ABTableViewDelegateDelayedSegueOnDidSelectRowIntention.h */ = {isa = PBXFileReference; fileEncoding = 4; lastKnownFileType = sourcecode.c.h; path = ABTableViewDelegateDelayedSegueOnDidSelectRowIntention.h; sourceTree = "<group>"; };
		25C17FE719181619002C49AA /* ABTableViewDelegateDelayedSegueOnDidSelectRowIntention.m */ = {isa = PBXFileReference; fileEncoding = 4; lastKnownFileType = sourcecode.c.objc; path = ABTableViewDelegateDelayedSegueOnDidSelectRowIntention.m; sourceTree = "<group>"; };
		25C17FE819181619002C49AA /* ABTableViewDelegateHideRowsIntention.h */ = {isa = PBXFileReference; fileEncoding = 4; lastKnownFileType = sourcecode.c.h; path = ABTableViewDelegateHideRowsIntention.h; sourceTree = "<group>"; };
		25C17FE919181619002C49AA /* ABTableViewDelegateHideRowsIntention.m */ = {isa = PBXFileReference; fileEncoding = 4; lastKnownFileType = sourcecode.c.objc; path = ABTableViewDelegateHideRowsIntention.m; sourceTree = "<group>"; };
		25C17FEA19181619002C49AA /* ABTableViewDelegateRadioSelectableCellsIntention.h */ = {isa = PBXFileReference; fileEncoding = 4; lastKnownFileType = sourcecode.c.h; path = ABTableViewDelegateRadioSelectableCellsIntention.h; sourceTree = "<group>"; };
		25C17FEB19181619002C49AA /* ABTableViewDelegateRadioSelectableCellsIntention.m */ = {isa = PBXFileReference; fileEncoding = 4; lastKnownFileType = sourcecode.c.objc; path = ABTableViewDelegateRadioSelectableCellsIntention.m; sourceTree = "<group>"; };
		25C17FED19181619002C49AA /* ABTextFieldResignOnShouldReturnIntention.h */ = {isa = PBXFileReference; fileEncoding = 4; lastKnownFileType = sourcecode.c.h; path = ABTextFieldResignOnShouldReturnIntention.h; sourceTree = "<group>"; };
		25C17FEE19181619002C49AA /* ABTextFieldResignOnShouldReturnIntention.m */ = {isa = PBXFileReference; fileEncoding = 4; lastKnownFileType = sourcecode.c.objc; path = ABTextFieldResignOnShouldReturnIntention.m; sourceTree = "<group>"; };
		25C17FF019181619002C49AA /* ABViewsSinglePixelThicknessIntention.h */ = {isa = PBXFileReference; fileEncoding = 4; lastKnownFileType = sourcecode.c.h; path = ABViewsSinglePixelThicknessIntention.h; sourceTree = "<group>"; };
		25C17FF119181619002C49AA /* ABViewsSinglePixelThicknessIntention.m */ = {isa = PBXFileReference; fileEncoding = 4; lastKnownFileType = sourcecode.c.objc; path = ABViewsSinglePixelThicknessIntention.m; sourceTree = "<group>"; };
		25C17FF319181619002C49AA /* ABWebViewDelegateLoadUrlIntention.h */ = {isa = PBXFileReference; fileEncoding = 4; lastKnownFileType = sourcecode.c.h; path = ABWebViewDelegateLoadUrlIntention.h; sourceTree = "<group>"; };
		25C17FF419181619002C49AA /* ABWebViewDelegateLoadUrlIntention.m */ = {isa = PBXFileReference; fileEncoding = 4; lastKnownFileType = sourcecode.c.objc; path = ABWebViewDelegateLoadUrlIntention.m; sourceTree = "<group>"; };
		98FBC4D0E8A04DA6BEA73EF6 /* libPods.a */ = {isa = PBXFileReference; explicitFileType = archive.ar; includeInIndex = 0; path = libPods.a; sourceTree = BUILT_PRODUCTS_DIR; };
		B7314365730A40FFB3197E73 /* Pods.xcconfig */ = {isa = PBXFileReference; includeInIndex = 1; lastKnownFileType = text.xcconfig; name = Pods.xcconfig; path = Pods/Pods.xcconfig; sourceTree = "<group>"; };
/* End PBXFileReference section */

/* Begin PBXFrameworksBuildPhase section */
		253F9157190D7CE100F7FC93 /* Frameworks */ = {
			isa = PBXFrameworksBuildPhase;
			buildActionMask = 2147483647;
			files = (
				253F9160190D7CE100F7FC93 /* CoreGraphics.framework in Frameworks */,
				253F9162190D7CE100F7FC93 /* UIKit.framework in Frameworks */,
				253F915E190D7CE100F7FC93 /* Foundation.framework in Frameworks */,
			);
			runOnlyForDeploymentPostprocessing = 0;
		};
		253F9178190D7CE100F7FC93 /* Frameworks */ = {
			isa = PBXFrameworksBuildPhase;
			buildActionMask = 2147483647;
			files = (
				253F917D190D7CE100F7FC93 /* XCTest.framework in Frameworks */,
				253F917F190D7CE100F7FC93 /* UIKit.framework in Frameworks */,
				253F917E190D7CE100F7FC93 /* Foundation.framework in Frameworks */,
			);
			runOnlyForDeploymentPostprocessing = 0;
		};
/* End PBXFrameworksBuildPhase section */

/* Begin PBXGroup section */
		253F9151190D7CE100F7FC93 = {
			isa = PBXGroup;
			children = (
				253F9163190D7CE100F7FC93 /* ABIntentionsDemo */,
				253F9182190D7CE100F7FC93 /* ABIntentionsDemoTests */,
				253F915C190D7CE100F7FC93 /* Frameworks */,
				253F915B190D7CE100F7FC93 /* Products */,
				B7314365730A40FFB3197E73 /* Pods.xcconfig */,
			);
			sourceTree = "<group>";
		};
		253F915B190D7CE100F7FC93 /* Products */ = {
			isa = PBXGroup;
			children = (
				253F915A190D7CE100F7FC93 /* ABIntentionsDemo.app */,
				253F917B190D7CE100F7FC93 /* ABIntentionsDemoTests.xctest */,
			);
			name = Products;
			sourceTree = "<group>";
		};
		253F915C190D7CE100F7FC93 /* Frameworks */ = {
			isa = PBXGroup;
			children = (
				253F915D190D7CE100F7FC93 /* Foundation.framework */,
				253F915F190D7CE100F7FC93 /* CoreGraphics.framework */,
				253F9161190D7CE100F7FC93 /* UIKit.framework */,
				253F917C190D7CE100F7FC93 /* XCTest.framework */,
				98FBC4D0E8A04DA6BEA73EF6 /* libPods.a */,
			);
			name = Frameworks;
			sourceTree = "<group>";
		};
		253F9163190D7CE100F7FC93 /* ABIntentionsDemo */ = {
			isa = PBXGroup;
			children = (
				25C17FD619181619002C49AA /* ABIntentions */,
				253F916C190D7CE100F7FC93 /* ABAppDelegate.h */,
				253F916D190D7CE100F7FC93 /* ABAppDelegate.m */,
				25C17FA61913E98E002C49AA /* ABTableViewController.h */,
				25C17FA71913E98E002C49AA /* ABTableViewController.m */,
				253F916F190D7CE100F7FC93 /* Main.storyboard */,
				253F9175190D7CE100F7FC93 /* Images.xcassets */,
				258894561912F2EA00558AD1 /* Images */,
				253F9164190D7CE100F7FC93 /* Supporting Files */,
			);
			path = ABIntentionsDemo;
			sourceTree = "<group>";
		};
		253F9164190D7CE100F7FC93 /* Supporting Files */ = {
			isa = PBXGroup;
			children = (
				253F9165190D7CE100F7FC93 /* ABIntentionsDemo-Info.plist */,
				253F9166190D7CE100F7FC93 /* InfoPlist.strings */,
				253F9169190D7CE100F7FC93 /* main.m */,
				253F916B190D7CE100F7FC93 /* ABIntentionsDemo-Prefix.pch */,
			);
			name = "Supporting Files";
			sourceTree = "<group>";
		};
		253F9182190D7CE100F7FC93 /* ABIntentionsDemoTests */ = {
			isa = PBXGroup;
			children = (
				253F9188190D7CE100F7FC93 /* ABIntentionsDemoTests.m */,
				253F9183190D7CE100F7FC93 /* Supporting Files */,
			);
			path = ABIntentionsDemoTests;
			sourceTree = "<group>";
		};
		253F9183190D7CE100F7FC93 /* Supporting Files */ = {
			isa = PBXGroup;
			children = (
				253F9184190D7CE100F7FC93 /* ABIntentionsDemoTests-Info.plist */,
				253F9185190D7CE100F7FC93 /* InfoPlist.strings */,
			);
			name = "Supporting Files";
			sourceTree = "<group>";
		};
		258894561912F2EA00558AD1 /* Images */ = {
			isa = PBXGroup;
			children = (
				258894571912F32300558AD1 /* geo_none@2x.png */,
				258894581912F32300558AD1 /* geo_follow@2x.png */,
				258894591912F32300558AD1 /* geo_heading@2x.png */,
			);
			name = Images;
			sourceTree = "<group>";
		};
		25C17FD619181619002C49AA /* ABIntentions */ = {
			isa = PBXGroup;
			children = (
				25C17FD719181619002C49AA /* ABDelegateArrayIntention.h */,
				25C17FD819181619002C49AA /* ABDelegateArrayIntention.m */,
				25C17FD919181619002C49AA /* Button */,
				25C17FE019181619002C49AA /* MapView */,
				25C17FE519181619002C49AA /* TableView */,
				25C17FEC19181619002C49AA /* TextField */,
				25C17FEF19181619002C49AA /* View */,
				25C17FF219181619002C49AA /* WebView */,
			);
			name = ABIntentions;
			path = ../../ABIntentions;
			sourceTree = "<group>";
		};
		25C17FD919181619002C49AA /* Button */ = {
			isa = PBXGroup;
			children = (
				25C17FDA19181619002C49AA /* ABBarButtonItemObserversChainIntention.h */,
				25C17FDB19181619002C49AA /* ABBarButtonItemObserversChainIntention.m */,
				25C17FDC19181619002C49AA /* ABBarButtonItemRadioSelectableIntention.h */,
				25C17FDD19181619002C49AA /* ABBarButtonItemRadioSelectableIntention.m */,
				25C17FDE19181619002C49AA /* ABButtonCycledChangeImagesIntention.h */,
				25C17FDF19181619002C49AA /* ABButtonCycledChangeImagesIntention.m */,
			);
			path = Button;
			sourceTree = "<group>";
		};
		25C17FE019181619002C49AA /* MapView */ = {
			isa = PBXGroup;
			children = (
				25C17FE119181619002C49AA /* ABMapViewActionsIntention.h */,
				25C17FE219181619002C49AA /* ABMapViewActionsIntention.m */,
				25C17FE319181619002C49AA /* ABSearchBarDelegateZoomInMapViewIntention.h */,
				25C17FE419181619002C49AA /* ABSearchBarDelegateZoomInMapViewIntention.m */,
			);
			path = MapView;
			sourceTree = "<group>";
		};
		25C17FE519181619002C49AA /* TableView */ = {
			isa = PBXGroup;
			children = (
				25C17FE619181619002C49AA /* ABTableViewDelegateDelayedSegueOnDidSelectRowIntention.h */,
				25C17FE719181619002C49AA /* ABTableViewDelegateDelayedSegueOnDidSelectRowIntention.m */,
				25C17FE819181619002C49AA /* ABTableViewDelegateHideRowsIntention.h */,
				25C17FE919181619002C49AA /* ABTableViewDelegateHideRowsIntention.m */,
				25C17FEA19181619002C49AA /* ABTableViewDelegateRadioSelectableCellsIntention.h */,
				25C17FEB19181619002C49AA /* ABTableViewDelegateRadioSelectableCellsIntention.m */,
			);
			path = TableView;
			sourceTree = "<group>";
		};
		25C17FEC19181619002C49AA /* TextField */ = {
			isa = PBXGroup;
			children = (
				25C17FED19181619002C49AA /* ABTextFieldResignOnShouldReturnIntention.h */,
				25C17FEE19181619002C49AA /* ABTextFieldResignOnShouldReturnIntention.m */,
			);
			path = TextField;
			sourceTree = "<group>";
		};
		25C17FEF19181619002C49AA /* View */ = {
			isa = PBXGroup;
			children = (
				25C17FF019181619002C49AA /* ABViewsSinglePixelThicknessIntention.h */,
				25C17FF119181619002C49AA /* ABViewsSinglePixelThicknessIntention.m */,
			);
			path = View;
			sourceTree = "<group>";
		};
		25C17FF219181619002C49AA /* WebView */ = {
			isa = PBXGroup;
			children = (
				25C17FF319181619002C49AA /* ABWebViewDelegateLoadUrlIntention.h */,
				25C17FF419181619002C49AA /* ABWebViewDelegateLoadUrlIntention.m */,
			);
			path = WebView;
			sourceTree = "<group>";
		};
/* End PBXGroup section */

/* Begin PBXNativeTarget section */
		253F9159190D7CE100F7FC93 /* ABIntentionsDemo */ = {
			isa = PBXNativeTarget;
			buildConfigurationList = 253F918C190D7CE100F7FC93 /* Build configuration list for PBXNativeTarget "ABIntentionsDemo" */;
			buildPhases = (
				253F9156190D7CE100F7FC93 /* Sources */,
				253F9157190D7CE100F7FC93 /* Frameworks */,
				253F9158190D7CE100F7FC93 /* Resources */,
			);
			buildRules = (
			);
			dependencies = (
			);
			name = ABIntentionsDemo;
			productName = ABIntentionsDemo;
			productReference = 253F915A190D7CE100F7FC93 /* ABIntentionsDemo.app */;
			productType = "com.apple.product-type.application";
		};
		253F917A190D7CE100F7FC93 /* ABIntentionsDemoTests */ = {
			isa = PBXNativeTarget;
			buildConfigurationList = 253F918F190D7CE100F7FC93 /* Build configuration list for PBXNativeTarget "ABIntentionsDemoTests" */;
			buildPhases = (
				253F9177190D7CE100F7FC93 /* Sources */,
				253F9178190D7CE100F7FC93 /* Frameworks */,
				253F9179190D7CE100F7FC93 /* Resources */,
			);
			buildRules = (
			);
			dependencies = (
				253F9181190D7CE100F7FC93 /* PBXTargetDependency */,
			);
			name = ABIntentionsDemoTests;
			productName = ABIntentionsDemoTests;
			productReference = 253F917B190D7CE100F7FC93 /* ABIntentionsDemoTests.xctest */;
			productType = "com.apple.product-type.bundle.unit-test";
		};
/* End PBXNativeTarget section */

/* Begin PBXProject section */
		253F9152190D7CE100F7FC93 /* Project object */ = {
			isa = PBXProject;
			attributes = {
				CLASSPREFIX = AB;
				LastUpgradeCheck = 0510;
				ORGANIZATIONNAME = "Codeless Solutions";
				TargetAttributes = {
					253F917A190D7CE100F7FC93 = {
						TestTargetID = 253F9159190D7CE100F7FC93;
					};
				};
			};
			buildConfigurationList = 253F9155190D7CE100F7FC93 /* Build configuration list for PBXProject "ABIntentionsDemo" */;
			compatibilityVersion = "Xcode 3.2";
			developmentRegion = English;
			hasScannedForEncodings = 0;
			knownRegions = (
				en,
				Base,
			);
			mainGroup = 253F9151190D7CE100F7FC93;
			productRefGroup = 253F915B190D7CE100F7FC93 /* Products */;
			projectDirPath = "";
			projectRoot = "";
			targets = (
				253F9159190D7CE100F7FC93 /* ABIntentionsDemo */,
				253F917A190D7CE100F7FC93 /* ABIntentionsDemoTests */,
			);
		};
/* End PBXProject section */

/* Begin PBXResourcesBuildPhase section */
		253F9158190D7CE100F7FC93 /* Resources */ = {
			isa = PBXResourcesBuildPhase;
			buildActionMask = 2147483647;
			files = (
				253F9176190D7CE100F7FC93 /* Images.xcassets in Resources */,
				2588945C1912F32300558AD1 /* geo_heading@2x.png in Resources */,
				2588945B1912F32300558AD1 /* geo_follow@2x.png in Resources */,
				253F9168190D7CE100F7FC93 /* InfoPlist.strings in Resources */,
				2588945A1912F32300558AD1 /* geo_none@2x.png in Resources */,
				253F9171190D7CE100F7FC93 /* Main.storyboard in Resources */,
			);
			runOnlyForDeploymentPostprocessing = 0;
		};
		253F9179190D7CE100F7FC93 /* Resources */ = {
			isa = PBXResourcesBuildPhase;
			buildActionMask = 2147483647;
			files = (
				253F9187190D7CE100F7FC93 /* InfoPlist.strings in Resources */,
			);
			runOnlyForDeploymentPostprocessing = 0;
		};
/* End PBXResourcesBuildPhase section */

/* Begin PBXSourcesBuildPhase section */
		253F9156190D7CE100F7FC93 /* Sources */ = {
			isa = PBXSourcesBuildPhase;
			buildActionMask = 2147483647;
			files = (
				25C1800019181619002C49AA /* ABWebViewDelegateLoadUrlIntention.m in Sources */,
				253F916A190D7CE100F7FC93 /* main.m in Sources */,
				25C17FA81913E98E002C49AA /* ABTableViewController.m in Sources */,
				25C17FF719181619002C49AA /* ABBarButtonItemRadioSelectableIntention.m in Sources */,
				25C17FF919181619002C49AA /* ABMapViewActionsIntention.m in Sources */,
				25C17FFE19181619002C49AA /* ABTextFieldResignOnShouldReturnIntention.m in Sources */,
				25C17FFD19181619002C49AA /* ABTableViewDelegateRadioSelectableCellsIntention.m in Sources */,
				25C17FFF19181619002C49AA /* ABViewsSinglePixelThicknessIntention.m in Sources */,
				25C17FF519181619002C49AA /* ABDelegateArrayIntention.m in Sources */,
				25C17FF619181619002C49AA /* ABBarButtonItemObserversChainIntention.m in Sources */,
				253F916E190D7CE100F7FC93 /* ABAppDelegate.m in Sources */,
				25C17FFB19181619002C49AA /* ABTableViewDelegateDelayedSegueOnDidSelectRowIntention.m in Sources */,
				25C17FFA19181619002C49AA /* ABSearchBarDelegateZoomInMapViewIntention.m in Sources */,
				25C17FF819181619002C49AA /* ABButtonCycledChangeImagesIntention.m in Sources */,
				25C17FFC19181619002C49AA /* ABTableViewDelegateHideRowsIntention.m in Sources */,
			);
			runOnlyForDeploymentPostprocessing = 0;
		};
		253F9177190D7CE100F7FC93 /* Sources */ = {
			isa = PBXSourcesBuildPhase;
			buildActionMask = 2147483647;
			files = (
				253F9189190D7CE100F7FC93 /* ABIntentionsDemoTests.m in Sources */,
			);
			runOnlyForDeploymentPostprocessing = 0;
		};
/* End PBXSourcesBuildPhase section */

/* Begin PBXTargetDependency section */
		253F9181190D7CE100F7FC93 /* PBXTargetDependency */ = {
			isa = PBXTargetDependency;
			target = 253F9159190D7CE100F7FC93 /* ABIntentionsDemo */;
			targetProxy = 253F9180190D7CE100F7FC93 /* PBXContainerItemProxy */;
		};
/* End PBXTargetDependency section */

/* Begin PBXVariantGroup section */
		253F9166190D7CE100F7FC93 /* InfoPlist.strings */ = {
			isa = PBXVariantGroup;
			children = (
				253F9167190D7CE100F7FC93 /* en */,
			);
			name = InfoPlist.strings;
			sourceTree = "<group>";
		};
		253F916F190D7CE100F7FC93 /* Main.storyboard */ = {
			isa = PBXVariantGroup;
			children = (
				253F9170190D7CE100F7FC93 /* Base */,
			);
			name = Main.storyboard;
			sourceTree = "<group>";
		};
		253F9185190D7CE100F7FC93 /* InfoPlist.strings */ = {
			isa = PBXVariantGroup;
			children = (
				253F9186190D7CE100F7FC93 /* en */,
			);
			name = InfoPlist.strings;
			sourceTree = "<group>";
		};
/* End PBXVariantGroup section */

/* Begin XCBuildConfiguration section */
		253F918A190D7CE100F7FC93 /* Debug */ = {
			isa = XCBuildConfiguration;
			buildSettings = {
				ALWAYS_SEARCH_USER_PATHS = NO;
				CLANG_CXX_LANGUAGE_STANDARD = "gnu++0x";
				CLANG_CXX_LIBRARY = "libc++";
				CLANG_ENABLE_MODULES = YES;
				CLANG_ENABLE_OBJC_ARC = YES;
				CLANG_WARN_BOOL_CONVERSION = YES;
				CLANG_WARN_CONSTANT_CONVERSION = YES;
				CLANG_WARN_DIRECT_OBJC_ISA_USAGE = YES_ERROR;
				CLANG_WARN_EMPTY_BODY = YES;
				CLANG_WARN_ENUM_CONVERSION = YES;
				CLANG_WARN_INT_CONVERSION = YES;
				CLANG_WARN_OBJC_ROOT_CLASS = YES_ERROR;
				CLANG_WARN__DUPLICATE_METHOD_MATCH = YES;
				"CODE_SIGN_IDENTITY[sdk=iphoneos*]" = "iPhone Developer";
				COPY_PHASE_STRIP = NO;
				GCC_C_LANGUAGE_STANDARD = gnu99;
				GCC_DYNAMIC_NO_PIC = NO;
				GCC_OPTIMIZATION_LEVEL = 0;
				GCC_PREPROCESSOR_DEFINITIONS = (
					"DEBUG=1",
					"$(inherited)",
				);
				GCC_SYMBOLS_PRIVATE_EXTERN = NO;
				GCC_WARN_64_TO_32_BIT_CONVERSION = YES;
				GCC_WARN_ABOUT_RETURN_TYPE = YES_ERROR;
				GCC_WARN_UNDECLARED_SELECTOR = YES;
				GCC_WARN_UNINITIALIZED_AUTOS = YES_AGGRESSIVE;
				GCC_WARN_UNUSED_FUNCTION = YES;
				GCC_WARN_UNUSED_VARIABLE = YES;
				IPHONEOS_DEPLOYMENT_TARGET = 7.0;
				ONLY_ACTIVE_ARCH = YES;
				SDKROOT = iphoneos;
			};
			name = Debug;
		};
		253F918B190D7CE100F7FC93 /* Release */ = {
			isa = XCBuildConfiguration;
			buildSettings = {
				ALWAYS_SEARCH_USER_PATHS = NO;
				CLANG_CXX_LANGUAGE_STANDARD = "gnu++0x";
				CLANG_CXX_LIBRARY = "libc++";
				CLANG_ENABLE_MODULES = YES;
				CLANG_ENABLE_OBJC_ARC = YES;
				CLANG_WARN_BOOL_CONVERSION = YES;
				CLANG_WARN_CONSTANT_CONVERSION = YES;
				CLANG_WARN_DIRECT_OBJC_ISA_USAGE = YES_ERROR;
				CLANG_WARN_EMPTY_BODY = YES;
				CLANG_WARN_ENUM_CONVERSION = YES;
				CLANG_WARN_INT_CONVERSION = YES;
				CLANG_WARN_OBJC_ROOT_CLASS = YES_ERROR;
				CLANG_WARN__DUPLICATE_METHOD_MATCH = YES;
				"CODE_SIGN_IDENTITY[sdk=iphoneos*]" = "iPhone Developer";
				COPY_PHASE_STRIP = YES;
				ENABLE_NS_ASSERTIONS = NO;
				GCC_C_LANGUAGE_STANDARD = gnu99;
				GCC_WARN_64_TO_32_BIT_CONVERSION = YES;
				GCC_WARN_ABOUT_RETURN_TYPE = YES_ERROR;
				GCC_WARN_UNDECLARED_SELECTOR = YES;
				GCC_WARN_UNINITIALIZED_AUTOS = YES_AGGRESSIVE;
				GCC_WARN_UNUSED_FUNCTION = YES;
				GCC_WARN_UNUSED_VARIABLE = YES;
				IPHONEOS_DEPLOYMENT_TARGET = 7.0;
				SDKROOT = iphoneos;
				VALIDATE_PRODUCT = YES;
			};
			name = Release;
		};
		253F918D190D7CE100F7FC93 /* Debug */ = {
			isa = XCBuildConfiguration;
			buildSettings = {
				ASSETCATALOG_COMPILER_APPICON_NAME = AppIcon;
				ASSETCATALOG_COMPILER_LAUNCHIMAGE_NAME = LaunchImage;
				GCC_PRECOMPILE_PREFIX_HEADER = YES;
				GCC_PREFIX_HEADER = "ABIntentionsDemo/ABIntentionsDemo-Prefix.pch";
				INFOPLIST_FILE = "ABIntentionsDemo/ABIntentionsDemo-Info.plist";
				IPHONEOS_DEPLOYMENT_TARGET = 7.0;
				PRODUCT_NAME = "$(TARGET_NAME)";
				WRAPPER_EXTENSION = app;
			};
			name = Debug;
		};
		253F918E190D7CE100F7FC93 /* Release */ = {
			isa = XCBuildConfiguration;
			buildSettings = {
				ASSETCATALOG_COMPILER_APPICON_NAME = AppIcon;
				ASSETCATALOG_COMPILER_LAUNCHIMAGE_NAME = LaunchImage;
				GCC_PRECOMPILE_PREFIX_HEADER = YES;
				GCC_PREFIX_HEADER = "ABIntentionsDemo/ABIntentionsDemo-Prefix.pch";
				INFOPLIST_FILE = "ABIntentionsDemo/ABIntentionsDemo-Info.plist";
				IPHONEOS_DEPLOYMENT_TARGET = 7.0;
				PRODUCT_NAME = "$(TARGET_NAME)";
				WRAPPER_EXTENSION = app;
			};
			name = Release;
		};
		253F9190190D7CE100F7FC93 /* Debug */ = {
			isa = XCBuildConfiguration;
			buildSettings = {
				BUNDLE_LOADER = "$(BUILT_PRODUCTS_DIR)/ABIntentionsDemo.app/ABIntentionsDemo";
				FRAMEWORK_SEARCH_PATHS = (
					"$(SDKROOT)/Developer/Library/Frameworks",
					"$(inherited)",
					"$(DEVELOPER_FRAMEWORKS_DIR)",
				);
				GCC_PRECOMPILE_PREFIX_HEADER = YES;
				GCC_PREFIX_HEADER = "ABIntentionsDemo/ABIntentionsDemo-Prefix.pch";
				GCC_PREPROCESSOR_DEFINITIONS = (
					"DEBUG=1",
					"$(inherited)",
				);
				INFOPLIST_FILE = "ABIntentionsDemoTests/ABIntentionsDemoTests-Info.plist";
				PRODUCT_NAME = "$(TARGET_NAME)";
				TEST_HOST = "$(BUNDLE_LOADER)";
				WRAPPER_EXTENSION = xctest;
			};
			name = Debug;
		};
		253F9191190D7CE100F7FC93 /* Release */ = {
			isa = XCBuildConfiguration;
			buildSettings = {
				BUNDLE_LOADER = "$(BUILT_PRODUCTS_DIR)/ABIntentionsDemo.app/ABIntentionsDemo";
				FRAMEWORK_SEARCH_PATHS = (
					"$(SDKROOT)/Developer/Library/Frameworks",
					"$(inherited)",
					"$(DEVELOPER_FRAMEWORKS_DIR)",
				);
				GCC_PRECOMPILE_PREFIX_HEADER = YES;
				GCC_PREFIX_HEADER = "ABIntentionsDemo/ABIntentionsDemo-Prefix.pch";
				INFOPLIST_FILE = "ABIntentionsDemoTests/ABIntentionsDemoTests-Info.plist";
				PRODUCT_NAME = "$(TARGET_NAME)";
				TEST_HOST = "$(BUNDLE_LOADER)";
				WRAPPER_EXTENSION = xctest;
			};
			name = Release;
		};
/* End XCBuildConfiguration section */

/* Begin XCConfigurationList section */
		253F9155190D7CE100F7FC93 /* Build configuration list for PBXProject "ABIntentionsDemo" */ = {
			isa = XCConfigurationList;
			buildConfigurations = (
				253F918A190D7CE100F7FC93 /* Debug */,
				253F918B190D7CE100F7FC93 /* Release */,
			);
			defaultConfigurationIsVisible = 0;
			defaultConfigurationName = Release;
		};
		253F918C190D7CE100F7FC93 /* Build configuration list for PBXNativeTarget "ABIntentionsDemo" */ = {
			isa = XCConfigurationList;
			buildConfigurations = (
				253F918D190D7CE100F7FC93 /* Debug */,
				253F918E190D7CE100F7FC93 /* Release */,
			);
			defaultConfigurationIsVisible = 0;
			defaultConfigurationName = Release;
		};
		253F918F190D7CE100F7FC93 /* Build configuration list for PBXNativeTarget "ABIntentionsDemoTests" */ = {
			isa = XCConfigurationList;
			buildConfigurations = (
				253F9190190D7CE100F7FC93 /* Debug */,
				253F9191190D7CE100F7FC93 /* Release */,
			);
			defaultConfigurationIsVisible = 0;
			defaultConfigurationName = Release;
		};
/* End XCConfigurationList section */
	};
	rootObject = 253F9152190D7CE100F7FC93 /* Project object */;
}
