<?xml version="1.0" encoding="UTF-8"?>
<!DOCTYPE plist PUBLIC "-//Apple//DTD PLIST 1.0//EN" "http://www.apple.com/DTDs/PropertyList-1.0.dtd">
<plist version="1.0">
<dict>
	<key>archiveVersion</key>
	<string>1</string>
	<key>classes</key>
	<dict/>
	<key>objectVersion</key>
	<string>46</string>
	<key>objects</key>
	<dict>
		<key>253F9151190D7CE100F7FC93</key>
		<dict>
			<key>children</key>
			<array>
				<string>253F9163190D7CE100F7FC93</string>
				<string>253F9182190D7CE100F7FC93</string>
				<string>253F915C190D7CE100F7FC93</string>
				<string>253F915B190D7CE100F7FC93</string>
				<string>B7314365730A40FFB3197E73</string>
			</array>
			<key>isa</key>
			<string>PBXGroup</string>
			<key>sourceTree</key>
			<string>&lt;group&gt;</string>
		</dict>
		<key>253F9152190D7CE100F7FC93</key>
		<dict>
			<key>attributes</key>
			<dict>
				<key>CLASSPREFIX</key>
				<string>AB</string>
				<key>LastUpgradeCheck</key>
				<string>0510</string>
				<key>ORGANIZATIONNAME</key>
				<string>Codeless Solutions</string>
				<key>TargetAttributes</key>
				<dict>
					<key>253F917A190D7CE100F7FC93</key>
					<dict>
						<key>TestTargetID</key>
						<string>253F9159190D7CE100F7FC93</string>
					</dict>
				</dict>
			</dict>
			<key>buildConfigurationList</key>
			<string>253F9155190D7CE100F7FC93</string>
			<key>compatibilityVersion</key>
			<string>Xcode 3.2</string>
			<key>developmentRegion</key>
			<string>English</string>
			<key>hasScannedForEncodings</key>
			<string>0</string>
			<key>isa</key>
			<string>PBXProject</string>
			<key>knownRegions</key>
			<array>
				<string>en</string>
				<string>Base</string>
			</array>
			<key>mainGroup</key>
			<string>253F9151190D7CE100F7FC93</string>
			<key>productRefGroup</key>
			<string>253F915B190D7CE100F7FC93</string>
			<key>projectDirPath</key>
			<string></string>
			<key>projectReferences</key>
			<array/>
			<key>projectRoot</key>
			<string></string>
			<key>targets</key>
			<array>
				<string>253F9159190D7CE100F7FC93</string>
				<string>253F917A190D7CE100F7FC93</string>
			</array>
		</dict>
		<key>253F9155190D7CE100F7FC93</key>
		<dict>
			<key>buildConfigurations</key>
			<array>
				<string>253F918A190D7CE100F7FC93</string>
				<string>253F918B190D7CE100F7FC93</string>
			</array>
			<key>defaultConfigurationIsVisible</key>
			<string>0</string>
			<key>defaultConfigurationName</key>
			<string>Release</string>
			<key>isa</key>
			<string>XCConfigurationList</string>
		</dict>
		<key>253F9156190D7CE100F7FC93</key>
		<dict>
			<key>buildActionMask</key>
			<string>2147483647</string>
			<key>files</key>
			<array>
				<string>253F916A190D7CE100F7FC93</string>
				<string>2588944019116FC300558AD1</string>
				<string>258894551912EB2B00558AD1</string>
				<string>2588944E1912E60D00558AD1</string>
				<string>253F919D190D7D0500F7FC93</string>
				<string>25C17FA81913E98E002C49AA</string>
				<string>253F91A1190D809000F7FC93</string>
				<string>2588943F19116FC300558AD1</string>
				<string>2588945F1912F3F200558AD1</string>
				<string>253F919E190D7D0500F7FC93</string>
				<string>258894521912E72400558AD1</string>
				<string>25889424190E1ADB00558AD1</string>
				<string>253F919B190D7D0500F7FC93</string>
				<string>253F919C190D7D0500F7FC93</string>
				<string>253F916E190D7CE100F7FC93</string>
			</array>
			<key>isa</key>
			<string>PBXSourcesBuildPhase</string>
			<key>runOnlyForDeploymentPostprocessing</key>
			<string>0</string>
		</dict>
		<key>253F9157190D7CE100F7FC93</key>
		<dict>
			<key>buildActionMask</key>
			<string>2147483647</string>
			<key>files</key>
			<array>
				<string>253F9160190D7CE100F7FC93</string>
				<string>253F9162190D7CE100F7FC93</string>
				<string>253F915E190D7CE100F7FC93</string>
				<string>EB628D5A4B8F42938E198058</string>
			</array>
			<key>isa</key>
			<string>PBXFrameworksBuildPhase</string>
			<key>runOnlyForDeploymentPostprocessing</key>
			<string>0</string>
		</dict>
		<key>253F9158190D7CE100F7FC93</key>
		<dict>
			<key>buildActionMask</key>
			<string>2147483647</string>
			<key>files</key>
			<array>
				<string>253F9176190D7CE100F7FC93</string>
				<string>2588945C1912F32300558AD1</string>
				<string>2588945B1912F32300558AD1</string>
				<string>253F9168190D7CE100F7FC93</string>
				<string>2588945A1912F32300558AD1</string>
				<string>253F9171190D7CE100F7FC93</string>
			</array>
			<key>isa</key>
			<string>PBXResourcesBuildPhase</string>
			<key>runOnlyForDeploymentPostprocessing</key>
			<string>0</string>
		</dict>
		<key>253F9159190D7CE100F7FC93</key>
		<dict>
			<key>buildConfigurationList</key>
			<string>253F918C190D7CE100F7FC93</string>
			<key>buildPhases</key>
			<array>
				<string>D94BD47BD5AB4C7AA12C4733</string>
				<string>253F9156190D7CE100F7FC93</string>
				<string>253F9157190D7CE100F7FC93</string>
				<string>253F9158190D7CE100F7FC93</string>
				<string>BCC3ED1A9B2A4C9DA50375BA</string>
			</array>
			<key>buildRules</key>
			<array/>
			<key>dependencies</key>
			<array/>
			<key>isa</key>
			<string>PBXNativeTarget</string>
			<key>name</key>
			<string>ABIntentionsDemo</string>
			<key>productName</key>
			<string>ABIntentionsDemo</string>
			<key>productReference</key>
			<string>253F915A190D7CE100F7FC93</string>
			<key>productType</key>
			<string>com.apple.product-type.application</string>
		</dict>
		<key>253F915A190D7CE100F7FC93</key>
		<dict>
			<key>explicitFileType</key>
			<string>wrapper.application</string>
			<key>includeInIndex</key>
			<string>0</string>
			<key>isa</key>
			<string>PBXFileReference</string>
			<key>path</key>
			<string>ABIntentionsDemo.app</string>
			<key>sourceTree</key>
			<string>BUILT_PRODUCTS_DIR</string>
		</dict>
		<key>253F915B190D7CE100F7FC93</key>
		<dict>
			<key>children</key>
			<array>
				<string>253F915A190D7CE100F7FC93</string>
				<string>253F917B190D7CE100F7FC93</string>
			</array>
			<key>isa</key>
			<string>PBXGroup</string>
			<key>name</key>
			<string>Products</string>
			<key>sourceTree</key>
			<string>&lt;group&gt;</string>
		</dict>
		<key>253F915C190D7CE100F7FC93</key>
		<dict>
			<key>children</key>
			<array>
				<string>253F915D190D7CE100F7FC93</string>
				<string>253F915F190D7CE100F7FC93</string>
				<string>253F9161190D7CE100F7FC93</string>
				<string>253F917C190D7CE100F7FC93</string>
				<string>98FBC4D0E8A04DA6BEA73EF6</string>
			</array>
			<key>isa</key>
			<string>PBXGroup</string>
			<key>name</key>
			<string>Frameworks</string>
			<key>sourceTree</key>
			<string>&lt;group&gt;</string>
		</dict>
		<key>253F915D190D7CE100F7FC93</key>
		<dict>
			<key>isa</key>
			<string>PBXFileReference</string>
			<key>lastKnownFileType</key>
			<string>wrapper.framework</string>
			<key>name</key>
			<string>Foundation.framework</string>
			<key>path</key>
			<string>System/Library/Frameworks/Foundation.framework</string>
			<key>sourceTree</key>
			<string>SDKROOT</string>
		</dict>
		<key>253F915E190D7CE100F7FC93</key>
		<dict>
			<key>fileRef</key>
			<string>253F915D190D7CE100F7FC93</string>
			<key>isa</key>
			<string>PBXBuildFile</string>
		</dict>
		<key>253F915F190D7CE100F7FC93</key>
		<dict>
			<key>isa</key>
			<string>PBXFileReference</string>
			<key>lastKnownFileType</key>
			<string>wrapper.framework</string>
			<key>name</key>
			<string>CoreGraphics.framework</string>
			<key>path</key>
			<string>System/Library/Frameworks/CoreGraphics.framework</string>
			<key>sourceTree</key>
			<string>SDKROOT</string>
		</dict>
		<key>253F9160190D7CE100F7FC93</key>
		<dict>
			<key>fileRef</key>
			<string>253F915F190D7CE100F7FC93</string>
			<key>isa</key>
			<string>PBXBuildFile</string>
		</dict>
		<key>253F9161190D7CE100F7FC93</key>
		<dict>
			<key>isa</key>
			<string>PBXFileReference</string>
			<key>lastKnownFileType</key>
			<string>wrapper.framework</string>
			<key>name</key>
			<string>UIKit.framework</string>
			<key>path</key>
			<string>System/Library/Frameworks/UIKit.framework</string>
			<key>sourceTree</key>
			<string>SDKROOT</string>
		</dict>
		<key>253F9162190D7CE100F7FC93</key>
		<dict>
			<key>fileRef</key>
			<string>253F9161190D7CE100F7FC93</string>
			<key>isa</key>
			<string>PBXBuildFile</string>
		</dict>
		<key>253F9163190D7CE100F7FC93</key>
		<dict>
			<key>children</key>
			<array>
				<string>253F9192190D7CF700F7FC93</string>
				<string>253F916C190D7CE100F7FC93</string>
				<string>253F916D190D7CE100F7FC93</string>
				<string>25C17FA61913E98E002C49AA</string>
				<string>25C17FA71913E98E002C49AA</string>
				<string>253F916F190D7CE100F7FC93</string>
				<string>253F9175190D7CE100F7FC93</string>
				<string>258894561912F2EA00558AD1</string>
				<string>253F9164190D7CE100F7FC93</string>
			</array>
			<key>isa</key>
			<string>PBXGroup</string>
			<key>path</key>
			<string>ABIntentionsDemo</string>
			<key>sourceTree</key>
			<string>&lt;group&gt;</string>
		</dict>
		<key>253F9164190D7CE100F7FC93</key>
		<dict>
			<key>children</key>
			<array>
				<string>253F9165190D7CE100F7FC93</string>
				<string>253F9166190D7CE100F7FC93</string>
				<string>253F9169190D7CE100F7FC93</string>
				<string>253F916B190D7CE100F7FC93</string>
			</array>
			<key>isa</key>
			<string>PBXGroup</string>
			<key>name</key>
			<string>Supporting Files</string>
			<key>sourceTree</key>
			<string>&lt;group&gt;</string>
		</dict>
		<key>253F9165190D7CE100F7FC93</key>
		<dict>
			<key>isa</key>
			<string>PBXFileReference</string>
			<key>lastKnownFileType</key>
			<string>text.plist.xml</string>
			<key>path</key>
			<string>ABIntentionsDemo-Info.plist</string>
			<key>sourceTree</key>
			<string>&lt;group&gt;</string>
		</dict>
		<key>253F9166190D7CE100F7FC93</key>
		<dict>
			<key>children</key>
			<array>
				<string>253F9167190D7CE100F7FC93</string>
			</array>
			<key>isa</key>
			<string>PBXVariantGroup</string>
			<key>name</key>
			<string>InfoPlist.strings</string>
			<key>sourceTree</key>
			<string>&lt;group&gt;</string>
		</dict>
		<key>253F9167190D7CE100F7FC93</key>
		<dict>
			<key>isa</key>
			<string>PBXFileReference</string>
			<key>lastKnownFileType</key>
			<string>text.plist.strings</string>
			<key>name</key>
			<string>en</string>
			<key>path</key>
			<string>en.lproj/InfoPlist.strings</string>
			<key>sourceTree</key>
			<string>&lt;group&gt;</string>
		</dict>
		<key>253F9168190D7CE100F7FC93</key>
		<dict>
			<key>fileRef</key>
			<string>253F9166190D7CE100F7FC93</string>
			<key>isa</key>
			<string>PBXBuildFile</string>
		</dict>
		<key>253F9169190D7CE100F7FC93</key>
		<dict>
			<key>isa</key>
			<string>PBXFileReference</string>
			<key>lastKnownFileType</key>
			<string>sourcecode.c.objc</string>
			<key>path</key>
			<string>main.m</string>
			<key>sourceTree</key>
			<string>&lt;group&gt;</string>
		</dict>
		<key>253F916A190D7CE100F7FC93</key>
		<dict>
			<key>fileRef</key>
			<string>253F9169190D7CE100F7FC93</string>
			<key>isa</key>
			<string>PBXBuildFile</string>
		</dict>
		<key>253F916B190D7CE100F7FC93</key>
		<dict>
			<key>isa</key>
			<string>PBXFileReference</string>
			<key>lastKnownFileType</key>
			<string>sourcecode.c.h</string>
			<key>path</key>
			<string>ABIntentionsDemo-Prefix.pch</string>
			<key>sourceTree</key>
			<string>&lt;group&gt;</string>
		</dict>
		<key>253F916C190D7CE100F7FC93</key>
		<dict>
			<key>isa</key>
			<string>PBXFileReference</string>
			<key>lastKnownFileType</key>
			<string>sourcecode.c.h</string>
			<key>path</key>
			<string>ABAppDelegate.h</string>
			<key>sourceTree</key>
			<string>&lt;group&gt;</string>
		</dict>
		<key>253F916D190D7CE100F7FC93</key>
		<dict>
			<key>isa</key>
			<string>PBXFileReference</string>
			<key>lastKnownFileType</key>
			<string>sourcecode.c.objc</string>
			<key>path</key>
			<string>ABAppDelegate.m</string>
			<key>sourceTree</key>
			<string>&lt;group&gt;</string>
		</dict>
		<key>253F916E190D7CE100F7FC93</key>
		<dict>
			<key>fileRef</key>
			<string>253F916D190D7CE100F7FC93</string>
			<key>isa</key>
			<string>PBXBuildFile</string>
		</dict>
		<key>253F916F190D7CE100F7FC93</key>
		<dict>
			<key>children</key>
			<array>
				<string>253F9170190D7CE100F7FC93</string>
			</array>
			<key>isa</key>
			<string>PBXVariantGroup</string>
			<key>name</key>
			<string>Main.storyboard</string>
			<key>sourceTree</key>
			<string>&lt;group&gt;</string>
		</dict>
		<key>253F9170190D7CE100F7FC93</key>
		<dict>
			<key>isa</key>
			<string>PBXFileReference</string>
			<key>lastKnownFileType</key>
			<string>file.storyboard</string>
			<key>name</key>
			<string>Base</string>
			<key>path</key>
			<string>Base.lproj/Main.storyboard</string>
			<key>sourceTree</key>
			<string>&lt;group&gt;</string>
		</dict>
		<key>253F9171190D7CE100F7FC93</key>
		<dict>
			<key>fileRef</key>
			<string>253F916F190D7CE100F7FC93</string>
			<key>isa</key>
			<string>PBXBuildFile</string>
		</dict>
		<key>253F9175190D7CE100F7FC93</key>
		<dict>
			<key>isa</key>
			<string>PBXFileReference</string>
			<key>lastKnownFileType</key>
			<string>folder.assetcatalog</string>
			<key>path</key>
			<string>Images.xcassets</string>
			<key>sourceTree</key>
			<string>&lt;group&gt;</string>
		</dict>
		<key>253F9176190D7CE100F7FC93</key>
		<dict>
			<key>fileRef</key>
			<string>253F9175190D7CE100F7FC93</string>
			<key>isa</key>
			<string>PBXBuildFile</string>
		</dict>
		<key>253F9177190D7CE100F7FC93</key>
		<dict>
			<key>buildActionMask</key>
			<string>2147483647</string>
			<key>files</key>
			<array>
				<string>253F9189190D7CE100F7FC93</string>
			</array>
			<key>isa</key>
			<string>PBXSourcesBuildPhase</string>
			<key>runOnlyForDeploymentPostprocessing</key>
			<string>0</string>
		</dict>
		<key>253F9178190D7CE100F7FC93</key>
		<dict>
			<key>buildActionMask</key>
			<string>2147483647</string>
			<key>files</key>
			<array>
				<string>253F917D190D7CE100F7FC93</string>
				<string>253F917F190D7CE100F7FC93</string>
				<string>253F917E190D7CE100F7FC93</string>
			</array>
			<key>isa</key>
			<string>PBXFrameworksBuildPhase</string>
			<key>runOnlyForDeploymentPostprocessing</key>
			<string>0</string>
		</dict>
		<key>253F9179190D7CE100F7FC93</key>
		<dict>
			<key>buildActionMask</key>
			<string>2147483647</string>
			<key>files</key>
			<array>
				<string>253F9187190D7CE100F7FC93</string>
			</array>
			<key>isa</key>
			<string>PBXResourcesBuildPhase</string>
			<key>runOnlyForDeploymentPostprocessing</key>
			<string>0</string>
		</dict>
		<key>253F917A190D7CE100F7FC93</key>
		<dict>
			<key>buildConfigurationList</key>
			<string>253F918F190D7CE100F7FC93</string>
			<key>buildPhases</key>
			<array>
				<string>253F9177190D7CE100F7FC93</string>
				<string>253F9178190D7CE100F7FC93</string>
				<string>253F9179190D7CE100F7FC93</string>
			</array>
			<key>buildRules</key>
			<array/>
			<key>dependencies</key>
			<array>
				<string>253F9181190D7CE100F7FC93</string>
			</array>
			<key>isa</key>
			<string>PBXNativeTarget</string>
			<key>name</key>
			<string>ABIntentionsDemoTests</string>
			<key>productName</key>
			<string>ABIntentionsDemoTests</string>
			<key>productReference</key>
			<string>253F917B190D7CE100F7FC93</string>
			<key>productType</key>
			<string>com.apple.product-type.bundle.unit-test</string>
		</dict>
		<key>253F917B190D7CE100F7FC93</key>
		<dict>
			<key>explicitFileType</key>
			<string>wrapper.cfbundle</string>
			<key>includeInIndex</key>
			<string>0</string>
			<key>isa</key>
			<string>PBXFileReference</string>
			<key>path</key>
			<string>ABIntentionsDemoTests.xctest</string>
			<key>sourceTree</key>
			<string>BUILT_PRODUCTS_DIR</string>
		</dict>
		<key>253F917C190D7CE100F7FC93</key>
		<dict>
			<key>isa</key>
			<string>PBXFileReference</string>
			<key>lastKnownFileType</key>
			<string>wrapper.framework</string>
			<key>name</key>
			<string>XCTest.framework</string>
			<key>path</key>
			<string>Library/Frameworks/XCTest.framework</string>
			<key>sourceTree</key>
			<string>DEVELOPER_DIR</string>
		</dict>
		<key>253F917D190D7CE100F7FC93</key>
		<dict>
			<key>fileRef</key>
			<string>253F917C190D7CE100F7FC93</string>
			<key>isa</key>
			<string>PBXBuildFile</string>
		</dict>
		<key>253F917E190D7CE100F7FC93</key>
		<dict>
			<key>fileRef</key>
			<string>253F915D190D7CE100F7FC93</string>
			<key>isa</key>
			<string>PBXBuildFile</string>
		</dict>
		<key>253F917F190D7CE100F7FC93</key>
		<dict>
			<key>fileRef</key>
			<string>253F9161190D7CE100F7FC93</string>
			<key>isa</key>
			<string>PBXBuildFile</string>
		</dict>
		<key>253F9180190D7CE100F7FC93</key>
		<dict>
			<key>containerPortal</key>
			<string>253F9152190D7CE100F7FC93</string>
			<key>isa</key>
			<string>PBXContainerItemProxy</string>
			<key>proxyType</key>
			<string>1</string>
			<key>remoteGlobalIDString</key>
			<string>253F9159190D7CE100F7FC93</string>
			<key>remoteInfo</key>
			<string>ABIntentionsDemo</string>
		</dict>
		<key>253F9181190D7CE100F7FC93</key>
		<dict>
			<key>isa</key>
			<string>PBXTargetDependency</string>
			<key>target</key>
			<string>253F9159190D7CE100F7FC93</string>
			<key>targetProxy</key>
			<string>253F9180190D7CE100F7FC93</string>
		</dict>
		<key>253F9182190D7CE100F7FC93</key>
		<dict>
			<key>children</key>
			<array>
				<string>253F9188190D7CE100F7FC93</string>
				<string>253F9183190D7CE100F7FC93</string>
			</array>
			<key>isa</key>
			<string>PBXGroup</string>
			<key>path</key>
			<string>ABIntentionsDemoTests</string>
			<key>sourceTree</key>
			<string>&lt;group&gt;</string>
		</dict>
		<key>253F9183190D7CE100F7FC93</key>
		<dict>
			<key>children</key>
			<array>
				<string>253F9184190D7CE100F7FC93</string>
				<string>253F9185190D7CE100F7FC93</string>
			</array>
			<key>isa</key>
			<string>PBXGroup</string>
			<key>name</key>
			<string>Supporting Files</string>
			<key>sourceTree</key>
			<string>&lt;group&gt;</string>
		</dict>
		<key>253F9184190D7CE100F7FC93</key>
		<dict>
			<key>isa</key>
			<string>PBXFileReference</string>
			<key>lastKnownFileType</key>
			<string>text.plist.xml</string>
			<key>path</key>
			<string>ABIntentionsDemoTests-Info.plist</string>
			<key>sourceTree</key>
			<string>&lt;group&gt;</string>
		</dict>
		<key>253F9185190D7CE100F7FC93</key>
		<dict>
			<key>children</key>
			<array>
				<string>253F9186190D7CE100F7FC93</string>
			</array>
			<key>isa</key>
			<string>PBXVariantGroup</string>
			<key>name</key>
			<string>InfoPlist.strings</string>
			<key>sourceTree</key>
			<string>&lt;group&gt;</string>
		</dict>
		<key>253F9186190D7CE100F7FC93</key>
		<dict>
			<key>isa</key>
			<string>PBXFileReference</string>
			<key>lastKnownFileType</key>
			<string>text.plist.strings</string>
			<key>name</key>
			<string>en</string>
			<key>path</key>
			<string>en.lproj/InfoPlist.strings</string>
			<key>sourceTree</key>
			<string>&lt;group&gt;</string>
		</dict>
		<key>253F9187190D7CE100F7FC93</key>
		<dict>
			<key>fileRef</key>
			<string>253F9185190D7CE100F7FC93</string>
			<key>isa</key>
			<string>PBXBuildFile</string>
		</dict>
		<key>253F9188190D7CE100F7FC93</key>
		<dict>
			<key>isa</key>
			<string>PBXFileReference</string>
			<key>lastKnownFileType</key>
			<string>sourcecode.c.objc</string>
			<key>path</key>
			<string>ABIntentionsDemoTests.m</string>
			<key>sourceTree</key>
			<string>&lt;group&gt;</string>
		</dict>
		<key>253F9189190D7CE100F7FC93</key>
		<dict>
			<key>fileRef</key>
			<string>253F9188190D7CE100F7FC93</string>
			<key>isa</key>
			<string>PBXBuildFile</string>
		</dict>
		<key>253F918A190D7CE100F7FC93</key>
		<dict>
			<key>buildSettings</key>
			<dict>
				<key>ALWAYS_SEARCH_USER_PATHS</key>
				<string>NO</string>
				<key>CLANG_CXX_LANGUAGE_STANDARD</key>
				<string>gnu++0x</string>
				<key>CLANG_CXX_LIBRARY</key>
				<string>libc++</string>
				<key>CLANG_ENABLE_MODULES</key>
				<string>YES</string>
				<key>CLANG_ENABLE_OBJC_ARC</key>
				<string>YES</string>
				<key>CLANG_WARN_BOOL_CONVERSION</key>
				<string>YES</string>
				<key>CLANG_WARN_CONSTANT_CONVERSION</key>
				<string>YES</string>
				<key>CLANG_WARN_DIRECT_OBJC_ISA_USAGE</key>
				<string>YES_ERROR</string>
				<key>CLANG_WARN_EMPTY_BODY</key>
				<string>YES</string>
				<key>CLANG_WARN_ENUM_CONVERSION</key>
				<string>YES</string>
				<key>CLANG_WARN_INT_CONVERSION</key>
				<string>YES</string>
				<key>CLANG_WARN_OBJC_ROOT_CLASS</key>
				<string>YES_ERROR</string>
				<key>CLANG_WARN__DUPLICATE_METHOD_MATCH</key>
				<string>YES</string>
				<key>CODE_SIGN_IDENTITY[sdk=iphoneos*]</key>
				<string>iPhone Developer</string>
				<key>COPY_PHASE_STRIP</key>
				<string>NO</string>
				<key>GCC_C_LANGUAGE_STANDARD</key>
				<string>gnu99</string>
				<key>GCC_DYNAMIC_NO_PIC</key>
				<string>NO</string>
				<key>GCC_OPTIMIZATION_LEVEL</key>
				<string>0</string>
				<key>GCC_PREPROCESSOR_DEFINITIONS</key>
				<array>
					<string>DEBUG=1</string>
					<string>$(inherited)</string>
				</array>
				<key>GCC_SYMBOLS_PRIVATE_EXTERN</key>
				<string>NO</string>
				<key>GCC_WARN_64_TO_32_BIT_CONVERSION</key>
				<string>YES</string>
				<key>GCC_WARN_ABOUT_RETURN_TYPE</key>
				<string>YES_ERROR</string>
				<key>GCC_WARN_UNDECLARED_SELECTOR</key>
				<string>YES</string>
				<key>GCC_WARN_UNINITIALIZED_AUTOS</key>
				<string>YES_AGGRESSIVE</string>
				<key>GCC_WARN_UNUSED_FUNCTION</key>
				<string>YES</string>
				<key>GCC_WARN_UNUSED_VARIABLE</key>
				<string>YES</string>
				<key>IPHONEOS_DEPLOYMENT_TARGET</key>
				<string>7.0</string>
				<key>ONLY_ACTIVE_ARCH</key>
				<string>YES</string>
				<key>SDKROOT</key>
				<string>iphoneos</string>
			</dict>
			<key>isa</key>
			<string>XCBuildConfiguration</string>
			<key>name</key>
			<string>Debug</string>
		</dict>
		<key>253F918B190D7CE100F7FC93</key>
		<dict>
			<key>buildSettings</key>
			<dict>
				<key>ALWAYS_SEARCH_USER_PATHS</key>
				<string>NO</string>
				<key>CLANG_CXX_LANGUAGE_STANDARD</key>
				<string>gnu++0x</string>
				<key>CLANG_CXX_LIBRARY</key>
				<string>libc++</string>
				<key>CLANG_ENABLE_MODULES</key>
				<string>YES</string>
				<key>CLANG_ENABLE_OBJC_ARC</key>
				<string>YES</string>
				<key>CLANG_WARN_BOOL_CONVERSION</key>
				<string>YES</string>
				<key>CLANG_WARN_CONSTANT_CONVERSION</key>
				<string>YES</string>
				<key>CLANG_WARN_DIRECT_OBJC_ISA_USAGE</key>
				<string>YES_ERROR</string>
				<key>CLANG_WARN_EMPTY_BODY</key>
				<string>YES</string>
				<key>CLANG_WARN_ENUM_CONVERSION</key>
				<string>YES</string>
				<key>CLANG_WARN_INT_CONVERSION</key>
				<string>YES</string>
				<key>CLANG_WARN_OBJC_ROOT_CLASS</key>
				<string>YES_ERROR</string>
				<key>CLANG_WARN__DUPLICATE_METHOD_MATCH</key>
				<string>YES</string>
				<key>CODE_SIGN_IDENTITY[sdk=iphoneos*]</key>
				<string>iPhone Developer</string>
				<key>COPY_PHASE_STRIP</key>
				<string>YES</string>
				<key>ENABLE_NS_ASSERTIONS</key>
				<string>NO</string>
				<key>GCC_C_LANGUAGE_STANDARD</key>
				<string>gnu99</string>
				<key>GCC_WARN_64_TO_32_BIT_CONVERSION</key>
				<string>YES</string>
				<key>GCC_WARN_ABOUT_RETURN_TYPE</key>
				<string>YES_ERROR</string>
				<key>GCC_WARN_UNDECLARED_SELECTOR</key>
				<string>YES</string>
				<key>GCC_WARN_UNINITIALIZED_AUTOS</key>
				<string>YES_AGGRESSIVE</string>
				<key>GCC_WARN_UNUSED_FUNCTION</key>
				<string>YES</string>
				<key>GCC_WARN_UNUSED_VARIABLE</key>
				<string>YES</string>
				<key>IPHONEOS_DEPLOYMENT_TARGET</key>
				<string>7.0</string>
				<key>SDKROOT</key>
				<string>iphoneos</string>
				<key>VALIDATE_PRODUCT</key>
				<string>YES</string>
			</dict>
			<key>isa</key>
			<string>XCBuildConfiguration</string>
			<key>name</key>
			<string>Release</string>
		</dict>
		<key>253F918C190D7CE100F7FC93</key>
		<dict>
			<key>buildConfigurations</key>
			<array>
				<string>253F918D190D7CE100F7FC93</string>
				<string>253F918E190D7CE100F7FC93</string>
			</array>
			<key>defaultConfigurationIsVisible</key>
			<string>0</string>
			<key>defaultConfigurationName</key>
			<string>Release</string>
			<key>isa</key>
			<string>XCConfigurationList</string>
		</dict>
		<key>253F918D190D7CE100F7FC93</key>
		<dict>
			<key>baseConfigurationReference</key>
			<string>B7314365730A40FFB3197E73</string>
			<key>buildSettings</key>
			<dict>
				<key>ASSETCATALOG_COMPILER_APPICON_NAME</key>
				<string>AppIcon</string>
				<key>ASSETCATALOG_COMPILER_LAUNCHIMAGE_NAME</key>
				<string>LaunchImage</string>
				<key>GCC_PRECOMPILE_PREFIX_HEADER</key>
				<string>YES</string>
				<key>GCC_PREFIX_HEADER</key>
				<string>ABIntentionsDemo/ABIntentionsDemo-Prefix.pch</string>
				<key>INFOPLIST_FILE</key>
				<string>ABIntentionsDemo/ABIntentionsDemo-Info.plist</string>
				<key>IPHONEOS_DEPLOYMENT_TARGET</key>
				<string>7.0</string>
				<key>PRODUCT_NAME</key>
				<string>$(TARGET_NAME)</string>
				<key>WRAPPER_EXTENSION</key>
				<string>app</string>
			</dict>
			<key>isa</key>
			<string>XCBuildConfiguration</string>
			<key>name</key>
			<string>Debug</string>
		</dict>
		<key>253F918E190D7CE100F7FC93</key>
		<dict>
			<key>baseConfigurationReference</key>
			<string>B7314365730A40FFB3197E73</string>
			<key>buildSettings</key>
			<dict>
				<key>ASSETCATALOG_COMPILER_APPICON_NAME</key>
				<string>AppIcon</string>
				<key>ASSETCATALOG_COMPILER_LAUNCHIMAGE_NAME</key>
				<string>LaunchImage</string>
				<key>GCC_PRECOMPILE_PREFIX_HEADER</key>
				<string>YES</string>
				<key>GCC_PREFIX_HEADER</key>
				<string>ABIntentionsDemo/ABIntentionsDemo-Prefix.pch</string>
				<key>INFOPLIST_FILE</key>
				<string>ABIntentionsDemo/ABIntentionsDemo-Info.plist</string>
				<key>IPHONEOS_DEPLOYMENT_TARGET</key>
				<string>7.0</string>
				<key>PRODUCT_NAME</key>
				<string>$(TARGET_NAME)</string>
				<key>WRAPPER_EXTENSION</key>
				<string>app</string>
			</dict>
			<key>isa</key>
			<string>XCBuildConfiguration</string>
			<key>name</key>
			<string>Release</string>
		</dict>
		<key>253F918F190D7CE100F7FC93</key>
		<dict>
			<key>buildConfigurations</key>
			<array>
				<string>253F9190190D7CE100F7FC93</string>
				<string>253F9191190D7CE100F7FC93</string>
			</array>
			<key>defaultConfigurationIsVisible</key>
			<string>0</string>
			<key>defaultConfigurationName</key>
			<string>Release</string>
			<key>isa</key>
			<string>XCConfigurationList</string>
		</dict>
		<key>253F9190190D7CE100F7FC93</key>
		<dict>
			<key>buildSettings</key>
			<dict>
				<key>BUNDLE_LOADER</key>
				<string>$(BUILT_PRODUCTS_DIR)/ABIntentionsDemo.app/ABIntentionsDemo</string>
				<key>FRAMEWORK_SEARCH_PATHS</key>
				<array>
					<string>$(SDKROOT)/Developer/Library/Frameworks</string>
					<string>$(inherited)</string>
					<string>$(DEVELOPER_FRAMEWORKS_DIR)</string>
				</array>
				<key>GCC_PRECOMPILE_PREFIX_HEADER</key>
				<string>YES</string>
				<key>GCC_PREFIX_HEADER</key>
				<string>ABIntentionsDemo/ABIntentionsDemo-Prefix.pch</string>
				<key>GCC_PREPROCESSOR_DEFINITIONS</key>
				<array>
					<string>DEBUG=1</string>
					<string>$(inherited)</string>
				</array>
				<key>INFOPLIST_FILE</key>
				<string>ABIntentionsDemoTests/ABIntentionsDemoTests-Info.plist</string>
				<key>PRODUCT_NAME</key>
				<string>$(TARGET_NAME)</string>
				<key>TEST_HOST</key>
				<string>$(BUNDLE_LOADER)</string>
				<key>WRAPPER_EXTENSION</key>
				<string>xctest</string>
			</dict>
			<key>isa</key>
			<string>XCBuildConfiguration</string>
			<key>name</key>
			<string>Debug</string>
		</dict>
		<key>253F9191190D7CE100F7FC93</key>
		<dict>
			<key>buildSettings</key>
			<dict>
				<key>BUNDLE_LOADER</key>
				<string>$(BUILT_PRODUCTS_DIR)/ABIntentionsDemo.app/ABIntentionsDemo</string>
				<key>FRAMEWORK_SEARCH_PATHS</key>
				<array>
					<string>$(SDKROOT)/Developer/Library/Frameworks</string>
					<string>$(inherited)</string>
					<string>$(DEVELOPER_FRAMEWORKS_DIR)</string>
				</array>
				<key>GCC_PRECOMPILE_PREFIX_HEADER</key>
				<string>YES</string>
				<key>GCC_PREFIX_HEADER</key>
				<string>ABIntentionsDemo/ABIntentionsDemo-Prefix.pch</string>
				<key>INFOPLIST_FILE</key>
				<string>ABIntentionsDemoTests/ABIntentionsDemoTests-Info.plist</string>
				<key>PRODUCT_NAME</key>
				<string>$(TARGET_NAME)</string>
				<key>TEST_HOST</key>
				<string>$(BUNDLE_LOADER)</string>
				<key>WRAPPER_EXTENSION</key>
				<string>xctest</string>
			</dict>
			<key>isa</key>
			<string>XCBuildConfiguration</string>
			<key>name</key>
			<string>Release</string>
		</dict>
		<key>253F9192190D7CF700F7FC93</key>
		<dict>
			<key>children</key>
			<array>
				<string>253F919F190D809000F7FC93</string>
				<string>253F91A0190D809000F7FC93</string>
				<string>25889426190E1AF000558AD1</string>
				<string>2588944F1912E6F200558AD1</string>
				<string>25889427190E1AF900558AD1</string>
				<string>25889425190E1AE300558AD1</string>
				<string>2588944219116FDB00558AD1</string>
				<string>2588944119116FC800558AD1</string>
			</array>
			<key>isa</key>
			<string>PBXGroup</string>
			<key>name</key>
			<string>Intentions</string>
			<key>sourceTree</key>
			<string>&lt;group&gt;</string>
		</dict>
		<key>253F9193190D7D0500F7FC93</key>
		<dict>
			<key>fileEncoding</key>
			<string>4</string>
			<key>isa</key>
			<string>PBXFileReference</string>
			<key>lastKnownFileType</key>
			<string>sourcecode.c.h</string>
			<key>name</key>
			<string>ABTableViewDelegateDelayedSegueOnDidSelectRowIntention.h</string>
			<key>path</key>
			<string>../../ABTableViewDelegateDelayedSegueOnDidSelectRowIntention.h</string>
			<key>sourceTree</key>
			<string>&lt;group&gt;</string>
		</dict>
		<key>253F9194190D7D0500F7FC93</key>
		<dict>
			<key>fileEncoding</key>
			<string>4</string>
			<key>isa</key>
			<string>PBXFileReference</string>
			<key>lastKnownFileType</key>
			<string>sourcecode.c.objc</string>
			<key>name</key>
			<string>ABTableViewDelegateDelayedSegueOnDidSelectRowIntention.m</string>
			<key>path</key>
			<string>../../ABTableViewDelegateDelayedSegueOnDidSelectRowIntention.m</string>
			<key>sourceTree</key>
			<string>&lt;group&gt;</string>
		</dict>
		<key>253F9195190D7D0500F7FC93</key>
		<dict>
			<key>fileEncoding</key>
			<string>4</string>
			<key>isa</key>
			<string>PBXFileReference</string>
			<key>lastKnownFileType</key>
			<string>sourcecode.c.h</string>
			<key>name</key>
			<string>ABTableViewDelegateRadioSelectableCellsIntention.h</string>
			<key>path</key>
			<string>../../ABTableViewDelegateRadioSelectableCellsIntention.h</string>
			<key>sourceTree</key>
			<string>&lt;group&gt;</string>
		</dict>
		<key>253F9196190D7D0500F7FC93</key>
		<dict>
			<key>fileEncoding</key>
			<string>4</string>
			<key>isa</key>
			<string>PBXFileReference</string>
			<key>lastKnownFileType</key>
			<string>sourcecode.c.objc</string>
			<key>name</key>
			<string>ABTableViewDelegateRadioSelectableCellsIntention.m</string>
			<key>path</key>
			<string>../../ABTableViewDelegateRadioSelectableCellsIntention.m</string>
			<key>sourceTree</key>
			<string>&lt;group&gt;</string>
		</dict>
		<key>253F9197190D7D0500F7FC93</key>
		<dict>
			<key>fileEncoding</key>
			<string>4</string>
			<key>isa</key>
			<string>PBXFileReference</string>
			<key>lastKnownFileType</key>
			<string>sourcecode.c.h</string>
			<key>name</key>
			<string>ABTextFieldResignOnShouldReturnIntention.h</string>
			<key>path</key>
			<string>../../ABTextFieldResignOnShouldReturnIntention.h</string>
			<key>sourceTree</key>
			<string>&lt;group&gt;</string>
		</dict>
		<key>253F9198190D7D0500F7FC93</key>
		<dict>
			<key>fileEncoding</key>
			<string>4</string>
			<key>isa</key>
			<string>PBXFileReference</string>
			<key>lastKnownFileType</key>
			<string>sourcecode.c.objc</string>
			<key>name</key>
			<string>ABTextFieldResignOnShouldReturnIntention.m</string>
			<key>path</key>
			<string>../../ABTextFieldResignOnShouldReturnIntention.m</string>
			<key>sourceTree</key>
			<string>&lt;group&gt;</string>
		</dict>
		<key>253F9199190D7D0500F7FC93</key>
		<dict>
			<key>fileEncoding</key>
			<string>4</string>
			<key>isa</key>
			<string>PBXFileReference</string>
			<key>lastKnownFileType</key>
			<string>sourcecode.c.h</string>
			<key>name</key>
			<string>ABViewsSinglePixelThicknessIntention.h</string>
			<key>path</key>
			<string>../../ABViewsSinglePixelThicknessIntention.h</string>
			<key>sourceTree</key>
			<string>&lt;group&gt;</string>
		</dict>
		<key>253F919A190D7D0500F7FC93</key>
		<dict>
			<key>fileEncoding</key>
			<string>4</string>
			<key>isa</key>
			<string>PBXFileReference</string>
			<key>lastKnownFileType</key>
			<string>sourcecode.c.objc</string>
			<key>name</key>
			<string>ABViewsSinglePixelThicknessIntention.m</string>
			<key>path</key>
			<string>../../ABViewsSinglePixelThicknessIntention.m</string>
			<key>sourceTree</key>
			<string>&lt;group&gt;</string>
		</dict>
		<key>253F919B190D7D0500F7FC93</key>
		<dict>
			<key>fileRef</key>
			<string>253F9194190D7D0500F7FC93</string>
			<key>isa</key>
			<string>PBXBuildFile</string>
		</dict>
		<key>253F919C190D7D0500F7FC93</key>
		<dict>
			<key>fileRef</key>
			<string>253F9196190D7D0500F7FC93</string>
			<key>isa</key>
			<string>PBXBuildFile</string>
		</dict>
		<key>253F919D190D7D0500F7FC93</key>
		<dict>
			<key>fileRef</key>
			<string>253F9198190D7D0500F7FC93</string>
			<key>isa</key>
			<string>PBXBuildFile</string>
		</dict>
		<key>253F919E190D7D0500F7FC93</key>
		<dict>
			<key>fileRef</key>
			<string>253F919A190D7D0500F7FC93</string>
			<key>isa</key>
			<string>PBXBuildFile</string>
		</dict>
		<key>253F919F190D809000F7FC93</key>
		<dict>
			<key>fileEncoding</key>
			<string>4</string>
			<key>isa</key>
			<string>PBXFileReference</string>
			<key>lastKnownFileType</key>
			<string>sourcecode.c.h</string>
			<key>name</key>
			<string>ABDelegateArrayIntention.h</string>
			<key>path</key>
			<string>../../ABDelegateArrayIntention.h</string>
			<key>sourceTree</key>
			<string>&lt;group&gt;</string>
		</dict>
		<key>253F91A0190D809000F7FC93</key>
		<dict>
			<key>fileEncoding</key>
			<string>4</string>
			<key>isa</key>
			<string>PBXFileReference</string>
			<key>lastKnownFileType</key>
			<string>sourcecode.c.objc</string>
			<key>name</key>
			<string>ABDelegateArrayIntention.m</string>
			<key>path</key>
			<string>../../ABDelegateArrayIntention.m</string>
			<key>sourceTree</key>
			<string>&lt;group&gt;</string>
		</dict>
		<key>253F91A1190D809000F7FC93</key>
		<dict>
			<key>fileRef</key>
			<string>253F91A0190D809000F7FC93</string>
			<key>isa</key>
			<string>PBXBuildFile</string>
		</dict>
		<key>25889422190E1ADB00558AD1</key>
		<dict>
			<key>fileEncoding</key>
			<string>4</string>
			<key>isa</key>
			<string>PBXFileReference</string>
			<key>lastKnownFileType</key>
			<string>sourcecode.c.h</string>
			<key>name</key>
			<string>ABTableViewDelegateHideRowsIntention.h</string>
			<key>path</key>
			<string>../../ABTableViewDelegateHideRowsIntention.h</string>
			<key>sourceTree</key>
			<string>&lt;group&gt;</string>
		</dict>
		<key>25889423190E1ADB00558AD1</key>
		<dict>
			<key>fileEncoding</key>
			<string>4</string>
			<key>isa</key>
			<string>PBXFileReference</string>
			<key>lastKnownFileType</key>
			<string>sourcecode.c.objc</string>
			<key>name</key>
			<string>ABTableViewDelegateHideRowsIntention.m</string>
			<key>path</key>
			<string>../../ABTableViewDelegateHideRowsIntention.m</string>
			<key>sourceTree</key>
			<string>&lt;group&gt;</string>
		</dict>
		<key>25889424190E1ADB00558AD1</key>
		<dict>
			<key>fileRef</key>
			<string>25889423190E1ADB00558AD1</string>
			<key>isa</key>
			<string>PBXBuildFile</string>
		</dict>
		<key>25889425190E1AE300558AD1</key>
		<dict>
			<key>children</key>
			<array>
				<string>253F9193190D7D0500F7FC93</string>
				<string>253F9194190D7D0500F7FC93</string>
				<string>253F9195190D7D0500F7FC93</string>
				<string>253F9196190D7D0500F7FC93</string>
				<string>25889422190E1ADB00558AD1</string>
				<string>25889423190E1ADB00558AD1</string>
			</array>
			<key>isa</key>
			<string>PBXGroup</string>
			<key>name</key>
			<string>Table View</string>
			<key>sourceTree</key>
			<string>&lt;group&gt;</string>
		</dict>
		<key>25889426190E1AF000558AD1</key>
		<dict>
			<key>children</key>
			<array>
				<string>253F9199190D7D0500F7FC93</string>
				<string>253F919A190D7D0500F7FC93</string>
			</array>
			<key>isa</key>
			<string>PBXGroup</string>
			<key>name</key>
			<string>View</string>
			<key>sourceTree</key>
			<string>&lt;group&gt;</string>
		</dict>
		<key>25889427190E1AF900558AD1</key>
		<dict>
			<key>children</key>
			<array>
				<string>253F9197190D7D0500F7FC93</string>
				<string>253F9198190D7D0500F7FC93</string>
			</array>
			<key>isa</key>
			<string>PBXGroup</string>
			<key>name</key>
			<string>Text Field</string>
			<key>sourceTree</key>
			<string>&lt;group&gt;</string>
		</dict>
		<key>2588943B19116FC300558AD1</key>
		<dict>
			<key>fileEncoding</key>
			<string>4</string>
			<key>isa</key>
			<string>PBXFileReference</string>
			<key>lastKnownFileType</key>
			<string>sourcecode.c.h</string>
			<key>name</key>
			<string>ABSearchBarDelegateZoomInMapViewIntention.h</string>
			<key>path</key>
			<string>../../ABSearchBarDelegateZoomInMapViewIntention.h</string>
			<key>sourceTree</key>
			<string>&lt;group&gt;</string>
		</dict>
		<key>2588943C19116FC300558AD1</key>
		<dict>
			<key>fileEncoding</key>
			<string>4</string>
			<key>isa</key>
			<string>PBXFileReference</string>
			<key>lastKnownFileType</key>
			<string>sourcecode.c.objc</string>
			<key>name</key>
			<string>ABSearchBarDelegateZoomInMapViewIntention.m</string>
			<key>path</key>
			<string>../../ABSearchBarDelegateZoomInMapViewIntention.m</string>
			<key>sourceTree</key>
			<string>&lt;group&gt;</string>
		</dict>
		<key>2588943D19116FC300558AD1</key>
		<dict>
			<key>fileEncoding</key>
			<string>4</string>
			<key>isa</key>
			<string>PBXFileReference</string>
			<key>lastKnownFileType</key>
			<string>sourcecode.c.h</string>
			<key>name</key>
			<string>ABWebViewDelegateLoadUrlIntention.h</string>
			<key>path</key>
			<string>../../ABWebViewDelegateLoadUrlIntention.h</string>
			<key>sourceTree</key>
			<string>&lt;group&gt;</string>
		</dict>
		<key>2588943E19116FC300558AD1</key>
		<dict>
			<key>fileEncoding</key>
			<string>4</string>
			<key>isa</key>
			<string>PBXFileReference</string>
			<key>lastKnownFileType</key>
			<string>sourcecode.c.objc</string>
			<key>name</key>
			<string>ABWebViewDelegateLoadUrlIntention.m</string>
			<key>path</key>
			<string>../../ABWebViewDelegateLoadUrlIntention.m</string>
			<key>sourceTree</key>
			<string>&lt;group&gt;</string>
		</dict>
		<key>2588943F19116FC300558AD1</key>
		<dict>
			<key>fileRef</key>
			<string>2588943C19116FC300558AD1</string>
			<key>isa</key>
			<string>PBXBuildFile</string>
		</dict>
		<key>2588944019116FC300558AD1</key>
		<dict>
			<key>fileRef</key>
			<string>2588943E19116FC300558AD1</string>
			<key>isa</key>
			<string>PBXBuildFile</string>
		</dict>
		<key>2588944119116FC800558AD1</key>
		<dict>
			<key>children</key>
			<array>
				<string>2588944C1912E60D00558AD1</string>
				<string>2588944D1912E60D00558AD1</string>
				<string>2588943B19116FC300558AD1</string>
				<string>2588943C19116FC300558AD1</string>
			</array>
			<key>isa</key>
			<string>PBXGroup</string>
			<key>name</key>
			<string>Map View</string>
			<key>sourceTree</key>
			<string>&lt;group&gt;</string>
		</dict>
		<key>2588944219116FDB00558AD1</key>
		<dict>
			<key>children</key>
			<array>
				<string>2588943D19116FC300558AD1</string>
				<string>2588943E19116FC300558AD1</string>
			</array>
			<key>isa</key>
			<string>PBXGroup</string>
			<key>name</key>
			<string>Web View</string>
			<key>sourceTree</key>
			<string>&lt;group&gt;</string>
		</dict>
		<key>2588944C1912E60D00558AD1</key>
		<dict>
			<key>fileEncoding</key>
			<string>4</string>
			<key>isa</key>
			<string>PBXFileReference</string>
			<key>lastKnownFileType</key>
			<string>sourcecode.c.h</string>
			<key>name</key>
			<string>ABMapViewActionsIntention.h</string>
			<key>path</key>
			<string>../../ABMapViewActionsIntention.h</string>
			<key>sourceTree</key>
			<string>&lt;group&gt;</string>
		</dict>
		<key>2588944D1912E60D00558AD1</key>
		<dict>
			<key>fileEncoding</key>
			<string>4</string>
			<key>isa</key>
			<string>PBXFileReference</string>
			<key>lastKnownFileType</key>
			<string>sourcecode.c.objc</string>
			<key>name</key>
			<string>ABMapViewActionsIntention.m</string>
			<key>path</key>
			<string>../../ABMapViewActionsIntention.m</string>
			<key>sourceTree</key>
			<string>&lt;group&gt;</string>
		</dict>
		<key>2588944E1912E60D00558AD1</key>
		<dict>
			<key>fileRef</key>
			<string>2588944D1912E60D00558AD1</string>
			<key>isa</key>
			<string>PBXBuildFile</string>
		</dict>
		<key>2588944F1912E6F200558AD1</key>
		<dict>
			<key>children</key>
			<array>
				<string>258894501912E72400558AD1</string>
				<string>258894511912E72400558AD1</string>
				<string>258894531912EB2B00558AD1</string>
				<string>258894541912EB2B00558AD1</string>
				<string>2588945D1912F3F200558AD1</string>
				<string>2588945E1912F3F200558AD1</string>
			</array>
			<key>isa</key>
			<string>PBXGroup</string>
			<key>name</key>
			<string>Buttons</string>
			<key>sourceTree</key>
			<string>&lt;group&gt;</string>
		</dict>
		<key>258894501912E72400558AD1</key>
		<dict>
			<key>fileEncoding</key>
			<string>4</string>
			<key>isa</key>
			<string>PBXFileReference</string>
			<key>lastKnownFileType</key>
			<string>sourcecode.c.h</string>
			<key>name</key>
			<string>ABBarButtonItemRadioSelectableIntention.h</string>
			<key>path</key>
			<string>../../ABBarButtonItemRadioSelectableIntention.h</string>
			<key>sourceTree</key>
			<string>&lt;group&gt;</string>
		</dict>
		<key>258894511912E72400558AD1</key>
		<dict>
			<key>fileEncoding</key>
			<string>4</string>
			<key>isa</key>
			<string>PBXFileReference</string>
			<key>lastKnownFileType</key>
			<string>sourcecode.c.objc</string>
			<key>name</key>
			<string>ABBarButtonItemRadioSelectableIntention.m</string>
			<key>path</key>
			<string>../../ABBarButtonItemRadioSelectableIntention.m</string>
			<key>sourceTree</key>
			<string>&lt;group&gt;</string>
		</dict>
		<key>258894521912E72400558AD1</key>
		<dict>
			<key>fileRef</key>
			<string>258894511912E72400558AD1</string>
			<key>isa</key>
			<string>PBXBuildFile</string>
		</dict>
		<key>258894531912EB2B00558AD1</key>
		<dict>
			<key>fileEncoding</key>
			<string>4</string>
			<key>isa</key>
			<string>PBXFileReference</string>
			<key>lastKnownFileType</key>
			<string>sourcecode.c.h</string>
			<key>name</key>
			<string>ABBarButtonItemObserversChainIntention.h</string>
			<key>path</key>
			<string>../../ABBarButtonItemObserversChainIntention.h</string>
			<key>sourceTree</key>
			<string>&lt;group&gt;</string>
		</dict>
		<key>258894541912EB2B00558AD1</key>
		<dict>
			<key>fileEncoding</key>
			<string>4</string>
			<key>isa</key>
			<string>PBXFileReference</string>
			<key>lastKnownFileType</key>
			<string>sourcecode.c.objc</string>
			<key>name</key>
			<string>ABBarButtonItemObserversChainIntention.m</string>
			<key>path</key>
			<string>../../ABBarButtonItemObserversChainIntention.m</string>
			<key>sourceTree</key>
			<string>&lt;group&gt;</string>
		</dict>
		<key>258894551912EB2B00558AD1</key>
		<dict>
			<key>fileRef</key>
			<string>258894541912EB2B00558AD1</string>
			<key>isa</key>
			<string>PBXBuildFile</string>
		</dict>
		<key>258894561912F2EA00558AD1</key>
		<dict>
			<key>children</key>
			<array>
				<string>258894571912F32300558AD1</string>
				<string>258894581912F32300558AD1</string>
				<string>258894591912F32300558AD1</string>
			</array>
			<key>isa</key>
			<string>PBXGroup</string>
			<key>name</key>
			<string>Images</string>
			<key>sourceTree</key>
			<string>&lt;group&gt;</string>
		</dict>
		<key>258894571912F32300558AD1</key>
		<dict>
			<key>isa</key>
			<string>PBXFileReference</string>
			<key>lastKnownFileType</key>
			<string>image.png</string>
			<key>name</key>
			<string>geo_none@2x.png</string>
			<key>path</key>
			<string>Images/geo_none@2x.png</string>
			<key>sourceTree</key>
			<string>SOURCE_ROOT</string>
		</dict>
		<key>258894581912F32300558AD1</key>
		<dict>
			<key>isa</key>
			<string>PBXFileReference</string>
			<key>lastKnownFileType</key>
			<string>image.png</string>
			<key>name</key>
			<string>geo_follow@2x.png</string>
			<key>path</key>
			<string>Images/geo_follow@2x.png</string>
			<key>sourceTree</key>
			<string>SOURCE_ROOT</string>
		</dict>
		<key>258894591912F32300558AD1</key>
		<dict>
			<key>isa</key>
			<string>PBXFileReference</string>
			<key>lastKnownFileType</key>
			<string>image.png</string>
			<key>name</key>
			<string>geo_heading@2x.png</string>
			<key>path</key>
			<string>Images/geo_heading@2x.png</string>
			<key>sourceTree</key>
			<string>SOURCE_ROOT</string>
		</dict>
		<key>2588945A1912F32300558AD1</key>
		<dict>
			<key>fileRef</key>
			<string>258894571912F32300558AD1</string>
			<key>isa</key>
			<string>PBXBuildFile</string>
		</dict>
		<key>2588945B1912F32300558AD1</key>
		<dict>
			<key>fileRef</key>
			<string>258894581912F32300558AD1</string>
			<key>isa</key>
			<string>PBXBuildFile</string>
		</dict>
		<key>2588945C1912F32300558AD1</key>
		<dict>
			<key>fileRef</key>
			<string>258894591912F32300558AD1</string>
			<key>isa</key>
			<string>PBXBuildFile</string>
		</dict>
		<key>2588945D1912F3F200558AD1</key>
		<dict>
			<key>fileEncoding</key>
			<string>4</string>
			<key>isa</key>
			<string>PBXFileReference</string>
			<key>lastKnownFileType</key>
			<string>sourcecode.c.h</string>
			<key>name</key>
			<string>ABButtonCycledChangeImagesIntention.h</string>
			<key>path</key>
			<string>../../ABButtonCycledChangeImagesIntention.h</string>
			<key>sourceTree</key>
			<string>&lt;group&gt;</string>
		</dict>
		<key>2588945E1912F3F200558AD1</key>
		<dict>
			<key>fileEncoding</key>
			<string>4</string>
			<key>isa</key>
			<string>PBXFileReference</string>
			<key>lastKnownFileType</key>
			<string>sourcecode.c.objc</string>
			<key>name</key>
			<string>ABButtonCycledChangeImagesIntention.m</string>
			<key>path</key>
			<string>../../ABButtonCycledChangeImagesIntention.m</string>
			<key>sourceTree</key>
			<string>&lt;group&gt;</string>
		</dict>
		<key>2588945F1912F3F200558AD1</key>
		<dict>
			<key>fileRef</key>
			<string>2588945E1912F3F200558AD1</string>
			<key>isa</key>
			<string>PBXBuildFile</string>
		</dict>
		<key>25C17FA61913E98E002C49AA</key>
		<dict>
			<key>fileEncoding</key>
			<string>4</string>
			<key>isa</key>
			<string>PBXFileReference</string>
			<key>lastKnownFileType</key>
			<string>sourcecode.c.h</string>
			<key>path</key>
			<string>ABTableViewController.h</string>
			<key>sourceTree</key>
			<string>&lt;group&gt;</string>
		</dict>
		<key>25C17FA71913E98E002C49AA</key>
		<dict>
			<key>fileEncoding</key>
			<string>4</string>
			<key>isa</key>
			<string>PBXFileReference</string>
			<key>lastKnownFileType</key>
			<string>sourcecode.c.objc</string>
			<key>path</key>
			<string>ABTableViewController.m</string>
			<key>sourceTree</key>
			<string>&lt;group&gt;</string>
		</dict>
		<key>25C17FA81913E98E002C49AA</key>
		<dict>
			<key>fileRef</key>
			<string>25C17FA71913E98E002C49AA</string>
			<key>isa</key>
			<string>PBXBuildFile</string>
		</dict>
		<key>98FBC4D0E8A04DA6BEA73EF6</key>
		<dict>
			<key>explicitFileType</key>
			<string>archive.ar</string>
			<key>includeInIndex</key>
			<string>0</string>
			<key>isa</key>
			<string>PBXFileReference</string>
			<key>path</key>
			<string>libPods.a</string>
			<key>sourceTree</key>
			<string>BUILT_PRODUCTS_DIR</string>
		</dict>
		<key>B7314365730A40FFB3197E73</key>
		<dict>
			<key>includeInIndex</key>
			<string>1</string>
			<key>isa</key>
			<string>PBXFileReference</string>
			<key>lastKnownFileType</key>
			<string>text.xcconfig</string>
			<key>name</key>
			<string>Pods.xcconfig</string>
			<key>path</key>
			<string>Pods/Pods.xcconfig</string>
			<key>sourceTree</key>
			<string>&lt;group&gt;</string>
		</dict>
		<key>BCC3ED1A9B2A4C9DA50375BA</key>
		<dict>
			<key>buildActionMask</key>
			<string>2147483647</string>
			<key>files</key>
			<array/>
			<key>inputPaths</key>
			<array/>
			<key>isa</key>
			<string>PBXShellScriptBuildPhase</string>
			<key>name</key>
			<string>Copy Pods Resources</string>
			<key>outputPaths</key>
			<array/>
			<key>runOnlyForDeploymentPostprocessing</key>
			<string>0</string>
			<key>shellPath</key>
			<string>/bin/sh</string>
			<key>shellScript</key>
			<string>"${SRCROOT}/Pods/Pods-resources.sh"
</string>
			<key>showEnvVarsInLog</key>
			<string>0</string>
		</dict>
		<key>D94BD47BD5AB4C7AA12C4733</key>
		<dict>
			<key>buildActionMask</key>
			<string>2147483647</string>
			<key>files</key>
			<array/>
			<key>inputPaths</key>
			<array/>
			<key>isa</key>
			<string>PBXShellScriptBuildPhase</string>
			<key>name</key>
			<string>Check Pods Manifest.lock</string>
			<key>outputPaths</key>
			<array/>
			<key>runOnlyForDeploymentPostprocessing</key>
			<string>0</string>
			<key>shellPath</key>
			<string>/bin/sh</string>
			<key>shellScript</key>
			<string>diff "${PODS_ROOT}/../Podfile.lock" "${PODS_ROOT}/Manifest.lock" &gt; /dev/null
if [[ $? != 0 ]] ; then
    cat &lt;&lt; EOM
error: The sandbox is not in sync with the Podfile.lock. Run 'pod install' or update your CocoaPods installation.
EOM
    exit 1
fi
</string>
			<key>showEnvVarsInLog</key>
			<string>0</string>
		</dict>
		<key>EB628D5A4B8F42938E198058</key>
		<dict>
			<key>fileRef</key>
			<string>98FBC4D0E8A04DA6BEA73EF6</string>
			<key>isa</key>
			<string>PBXBuildFile</string>
		</dict>
	</dict>
	<key>rootObject</key>
	<string>253F9152190D7CE100F7FC93</string>
</dict>
</plist>
